// !$*UTF8*$!
{
	archiveVersion = 1;
	classes = {
	};
	objectVersion = 46;
	objects = {

/* Begin PBXBuildFile section */
		9A185B4C197557B700E2629F /* ofxOscBundle.cpp in Sources */ = {isa = PBXBuildFile; fileRef = 9A185B25197557B700E2629F /* ofxOscBundle.cpp */; };
		9A185B4D197557B700E2629F /* ofxOscMessage.cpp in Sources */ = {isa = PBXBuildFile; fileRef = 9A185B27197557B700E2629F /* ofxOscMessage.cpp */; };
		9A185B4E197557B700E2629F /* ofxOscParameterSync.cpp in Sources */ = {isa = PBXBuildFile; fileRef = 9A185B29197557B700E2629F /* ofxOscParameterSync.cpp */; };
		9A185B4F197557B700E2629F /* ofxOscReceiver.cpp in Sources */ = {isa = PBXBuildFile; fileRef = 9A185B2B197557B700E2629F /* ofxOscReceiver.cpp */; };
		9A185B50197557B700E2629F /* ofxOscSender.cpp in Sources */ = {isa = PBXBuildFile; fileRef = 9A185B2D197557B700E2629F /* ofxOscSender.cpp */; };
		9A185B51197557B700E2629F /* IpEndpointName.cpp in Sources */ = {isa = PBXBuildFile; fileRef = 9A185B33197557B700E2629F /* IpEndpointName.cpp */; };
		9A185B52197557B700E2629F /* NetworkingUtils.cpp in Sources */ = {isa = PBXBuildFile; fileRef = 9A185B38197557B700E2629F /* NetworkingUtils.cpp */; };
		9A185B53197557B700E2629F /* UdpSocket.cpp in Sources */ = {isa = PBXBuildFile; fileRef = 9A185B39197557B700E2629F /* UdpSocket.cpp */; };
		9A185B54197557B700E2629F /* OscOutboundPacketStream.cpp in Sources */ = {isa = PBXBuildFile; fileRef = 9A185B43197557B700E2629F /* OscOutboundPacketStream.cpp */; };
		9A185B55197557B700E2629F /* OscPrintReceivedElements.cpp in Sources */ = {isa = PBXBuildFile; fileRef = 9A185B46197557B700E2629F /* OscPrintReceivedElements.cpp */; };
		9A185B56197557B700E2629F /* OscReceivedElements.cpp in Sources */ = {isa = PBXBuildFile; fileRef = 9A185B48197557B700E2629F /* OscReceivedElements.cpp */; };
		9A185B57197557B700E2629F /* OscTypes.cpp in Sources */ = {isa = PBXBuildFile; fileRef = 9A185B4A197557B700E2629F /* OscTypes.cpp */; };
		9A3F22F21974DD6300F2E9F9 /* ofxUI2DGraph.cpp in Sources */ = {isa = PBXBuildFile; fileRef = 9A3F22951974DD6300F2E9F9 /* ofxUI2DGraph.cpp */; };
		9A3F22F31974DD6300F2E9F9 /* ofxUI2DPad.cpp in Sources */ = {isa = PBXBuildFile; fileRef = 9A3F22971974DD6300F2E9F9 /* ofxUI2DPad.cpp */; };
		9A3F22F41974DD6300F2E9F9 /* ofxUIBaseDraws.cpp in Sources */ = {isa = PBXBuildFile; fileRef = 9A3F22991974DD6300F2E9F9 /* ofxUIBaseDraws.cpp */; };
		9A3F22F51974DD6300F2E9F9 /* ofxUIBiLabelSlider.cpp in Sources */ = {isa = PBXBuildFile; fileRef = 9A3F229B1974DD6300F2E9F9 /* ofxUIBiLabelSlider.cpp */; };
		9A3F22F61974DD6300F2E9F9 /* ofxUIButton.cpp in Sources */ = {isa = PBXBuildFile; fileRef = 9A3F229D1974DD6300F2E9F9 /* ofxUIButton.cpp */; };
		9A3F22F71974DD6300F2E9F9 /* ofxUICanvas.cpp in Sources */ = {isa = PBXBuildFile; fileRef = 9A3F229F1974DD6300F2E9F9 /* ofxUICanvas.cpp */; };
		9A3F22F81974DD6300F2E9F9 /* ofxUICircleSlider.cpp in Sources */ = {isa = PBXBuildFile; fileRef = 9A3F22A11974DD6300F2E9F9 /* ofxUICircleSlider.cpp */; };
		9A3F22F91974DD6300F2E9F9 /* ofxUIDragableLabelButton.cpp in Sources */ = {isa = PBXBuildFile; fileRef = 9A3F22A41974DD6300F2E9F9 /* ofxUIDragableLabelButton.cpp */; };
		9A3F22FA1974DD6300F2E9F9 /* ofxUIDropDownList.cpp in Sources */ = {isa = PBXBuildFile; fileRef = 9A3F22A61974DD6300F2E9F9 /* ofxUIDropDownList.cpp */; };
		9A3F22FB1974DD6300F2E9F9 /* ofxUIEventArgs.cpp in Sources */ = {isa = PBXBuildFile; fileRef = 9A3F22A81974DD6300F2E9F9 /* ofxUIEventArgs.cpp */; };
		9A3F22FC1974DD6300F2E9F9 /* ofxUIFPS.cpp in Sources */ = {isa = PBXBuildFile; fileRef = 9A3F22AA1974DD6300F2E9F9 /* ofxUIFPS.cpp */; };
		9A3F22FD1974DD6300F2E9F9 /* ofxUIFPSSlider.cpp in Sources */ = {isa = PBXBuildFile; fileRef = 9A3F22AC1974DD6300F2E9F9 /* ofxUIFPSSlider.cpp */; };
		9A3F22FE1974DD6300F2E9F9 /* ofxUIImage.cpp in Sources */ = {isa = PBXBuildFile; fileRef = 9A3F22AE1974DD6300F2E9F9 /* ofxUIImage.cpp */; };
		9A3F22FF1974DD6300F2E9F9 /* ofxUIImageButton.cpp in Sources */ = {isa = PBXBuildFile; fileRef = 9A3F22B01974DD6300F2E9F9 /* ofxUIImageButton.cpp */; };
		9A3F23001974DD6300F2E9F9 /* ofxUIImageSampler.cpp in Sources */ = {isa = PBXBuildFile; fileRef = 9A3F22B21974DD6300F2E9F9 /* ofxUIImageSampler.cpp */; };
		9A3F23011974DD6300F2E9F9 /* ofxUIImageSlider.cpp in Sources */ = {isa = PBXBuildFile; fileRef = 9A3F22B41974DD6300F2E9F9 /* ofxUIImageSlider.cpp */; };
		9A3F23021974DD6300F2E9F9 /* ofxUIImageToggle.cpp in Sources */ = {isa = PBXBuildFile; fileRef = 9A3F22B61974DD6300F2E9F9 /* ofxUIImageToggle.cpp */; };
		9A3F23031974DD6300F2E9F9 /* ofxUILabel.cpp in Sources */ = {isa = PBXBuildFile; fileRef = 9A3F22B81974DD6300F2E9F9 /* ofxUILabel.cpp */; };
		9A3F23041974DD6300F2E9F9 /* ofxUILabelButton.cpp in Sources */ = {isa = PBXBuildFile; fileRef = 9A3F22BA1974DD6300F2E9F9 /* ofxUILabelButton.cpp */; };
		9A3F23051974DD6300F2E9F9 /* ofxUILabelToggle.cpp in Sources */ = {isa = PBXBuildFile; fileRef = 9A3F22BC1974DD6300F2E9F9 /* ofxUILabelToggle.cpp */; };
		9A3F23061974DD6300F2E9F9 /* ofxUIMinimalSlider.cpp in Sources */ = {isa = PBXBuildFile; fileRef = 9A3F22BE1974DD6300F2E9F9 /* ofxUIMinimalSlider.cpp */; };
		9A3F23071974DD6300F2E9F9 /* ofxUIMovingGraph.cpp in Sources */ = {isa = PBXBuildFile; fileRef = 9A3F22C01974DD6300F2E9F9 /* ofxUIMovingGraph.cpp */; };
		9A3F23081974DD6300F2E9F9 /* ofxUIMultiImageButton.cpp in Sources */ = {isa = PBXBuildFile; fileRef = 9A3F22C21974DD6300F2E9F9 /* ofxUIMultiImageButton.cpp */; };
		9A3F23091974DD6300F2E9F9 /* ofxUIMultiImageToggle.cpp in Sources */ = {isa = PBXBuildFile; fileRef = 9A3F22C41974DD6300F2E9F9 /* ofxUIMultiImageToggle.cpp */; };
		9A3F230A1974DD6300F2E9F9 /* ofxUINumberDialer.cpp in Sources */ = {isa = PBXBuildFile; fileRef = 9A3F22C61974DD6300F2E9F9 /* ofxUINumberDialer.cpp */; };
		9A3F230B1974DD6300F2E9F9 /* ofxUIRadio.cpp in Sources */ = {isa = PBXBuildFile; fileRef = 9A3F22C91974DD6300F2E9F9 /* ofxUIRadio.cpp */; };
		9A3F230C1974DD6300F2E9F9 /* ofxUIRangeSlider.cpp in Sources */ = {isa = PBXBuildFile; fileRef = 9A3F22CB1974DD6300F2E9F9 /* ofxUIRangeSlider.cpp */; };
		9A3F230D1974DD6300F2E9F9 /* ofxUIRectangle.cpp in Sources */ = {isa = PBXBuildFile; fileRef = 9A3F22CD1974DD6300F2E9F9 /* ofxUIRectangle.cpp */; };
		9A3F230E1974DD6300F2E9F9 /* ofxUIRotarySlider.cpp in Sources */ = {isa = PBXBuildFile; fileRef = 9A3F22CF1974DD6300F2E9F9 /* ofxUIRotarySlider.cpp */; };
		9A3F230F1974DD6300F2E9F9 /* ofxUIScrollableCanvas.cpp in Sources */ = {isa = PBXBuildFile; fileRef = 9A3F22D11974DD6300F2E9F9 /* ofxUIScrollableCanvas.cpp */; };
		9A3F23101974DD6300F2E9F9 /* ofxUISlider.cpp in Sources */ = {isa = PBXBuildFile; fileRef = 9A3F22D31974DD6300F2E9F9 /* ofxUISlider.cpp */; };
		9A3F23111974DD6300F2E9F9 /* ofxUISortableList.cpp in Sources */ = {isa = PBXBuildFile; fileRef = 9A3F22D51974DD6300F2E9F9 /* ofxUISortableList.cpp */; };
		9A3F23121974DD6300F2E9F9 /* ofxUISpacer.cpp in Sources */ = {isa = PBXBuildFile; fileRef = 9A3F22D71974DD6300F2E9F9 /* ofxUISpacer.cpp */; };
		9A3F23131974DD6300F2E9F9 /* ofxUISpectrum.cpp in Sources */ = {isa = PBXBuildFile; fileRef = 9A3F22D91974DD6300F2E9F9 /* ofxUISpectrum.cpp */; };
		9A3F23141974DD6300F2E9F9 /* ofxUISuperCanvas.cpp in Sources */ = {isa = PBXBuildFile; fileRef = 9A3F22DB1974DD6300F2E9F9 /* ofxUISuperCanvas.cpp */; };
		9A3F23151974DD6300F2E9F9 /* ofxUITabBar.cpp in Sources */ = {isa = PBXBuildFile; fileRef = 9A3F22DD1974DD6300F2E9F9 /* ofxUITabBar.cpp */; };
		9A3F23161974DD6300F2E9F9 /* ofxUITextArea.cpp in Sources */ = {isa = PBXBuildFile; fileRef = 9A3F22DF1974DD6300F2E9F9 /* ofxUITextArea.cpp */; };
		9A3F23171974DD6300F2E9F9 /* ofxUITextInput.cpp in Sources */ = {isa = PBXBuildFile; fileRef = 9A3F22E11974DD6300F2E9F9 /* ofxUITextInput.cpp */; };
		9A3F23181974DD6300F2E9F9 /* ofxUIToggle.cpp in Sources */ = {isa = PBXBuildFile; fileRef = 9A3F22E31974DD6300F2E9F9 /* ofxUIToggle.cpp */; };
		9A3F23191974DD6300F2E9F9 /* ofxUIToggleMatrix.cpp in Sources */ = {isa = PBXBuildFile; fileRef = 9A3F22E51974DD6300F2E9F9 /* ofxUIToggleMatrix.cpp */; };
		9A3F231A1974DD6300F2E9F9 /* ofxUIValuePlotter.cpp in Sources */ = {isa = PBXBuildFile; fileRef = 9A3F22E81974DD6300F2E9F9 /* ofxUIValuePlotter.cpp */; };
		9A3F231B1974DD6300F2E9F9 /* ofxUIWaveform.cpp in Sources */ = {isa = PBXBuildFile; fileRef = 9A3F22EA1974DD6300F2E9F9 /* ofxUIWaveform.cpp */; };
		9A3F231C1974DD6300F2E9F9 /* ofxUIWidget.cpp in Sources */ = {isa = PBXBuildFile; fileRef = 9A3F22EC1974DD6300F2E9F9 /* ofxUIWidget.cpp */; };
		9A3F231D1974DD6300F2E9F9 /* ofxUIWidgetWithLabel.cpp in Sources */ = {isa = PBXBuildFile; fileRef = 9A3F22EF1974DD6300F2E9F9 /* ofxUIWidgetWithLabel.cpp */; };
		9A3F23271974DDC100F2E9F9 /* ofxXmlSettings.cpp in Sources */ = {isa = PBXBuildFile; fileRef = 9A3F23201974DDC100F2E9F9 /* ofxXmlSettings.cpp */; };
		9A3F23281974DDC100F2E9F9 /* tinyxml.cpp in Sources */ = {isa = PBXBuildFile; fileRef = 9A3F23231974DDC100F2E9F9 /* tinyxml.cpp */; };
		9A3F23291974DDC100F2E9F9 /* tinyxmlerror.cpp in Sources */ = {isa = PBXBuildFile; fileRef = 9A3F23251974DDC100F2E9F9 /* tinyxmlerror.cpp */; };
		9A3F232A1974DDC100F2E9F9 /* tinyxmlparser.cpp in Sources */ = {isa = PBXBuildFile; fileRef = 9A3F23261974DDC100F2E9F9 /* tinyxmlparser.cpp */; };
		9A93127D19766CC9000BE009 /* ramActor.cpp in Sources */ = {isa = PBXBuildFile; fileRef = 9A93125A19766CC9000BE009 /* ramActor.cpp */; };
		9A93127E19766CC9000BE009 /* ramNodeArray.cpp in Sources */ = {isa = PBXBuildFile; fileRef = 9A93125C19766CC9000BE009 /* ramNodeArray.cpp */; };
		9A93127F19766CC9000BE009 /* ramRigidBody.cpp in Sources */ = {isa = PBXBuildFile; fileRef = 9A93125F19766CC9000BE009 /* ramRigidBody.cpp */; };
		9A93128019766CC9000BE009 /* ramAccelerometer.cpp in Sources */ = {isa = PBXBuildFile; fileRef = 9A93126219766CC9000BE009 /* ramAccelerometer.cpp */; };
		9A93128119766CC9000BE009 /* ramInteractivePrimitive.cpp in Sources */ = {isa = PBXBuildFile; fileRef = 9A93126419766CC9000BE009 /* ramInteractivePrimitive.cpp */; };
		9A93128219766CC9000BE009 /* ramNode.cpp in Sources */ = {isa = PBXBuildFile; fileRef = 9A93126619766CC9000BE009 /* ramNode.cpp */; };
		9A93128319766CC9000BE009 /* ramActorManager.cpp in Sources */ = {isa = PBXBuildFile; fileRef = 9A93126819766CC9000BE009 /* ramActorManager.cpp */; };
		9A93128419766CC9000BE009 /* ramCompoundContainer.cpp in Sources */ = {isa = PBXBuildFile; fileRef = 9A93126B19766CC9000BE009 /* ramCompoundContainer.cpp */; };
		9A93128519766CC9000BE009 /* ramBaseScene.cpp in Sources */ = {isa = PBXBuildFile; fileRef = 9A93126F19766CC9000BE009 /* ramBaseScene.cpp */; };
		9A93128619766CC9000BE009 /* ramSceneManager.cpp in Sources */ = {isa = PBXBuildFile; fileRef = 9A93127119766CC9000BE009 /* ramSceneManager.cpp */; };
		9A93128719766CC9000BE009 /* ramBaseFilter.cpp in Sources */ = {isa = PBXBuildFile; fileRef = 9A93127419766CC9000BE009 /* ramBaseFilter.cpp */; };
		9A93128819766CC9000BE009 /* ramGUI.cpp in Sources */ = {isa = PBXBuildFile; fileRef = 9A93127719766CC9000BE009 /* ramGUI.cpp */; };
		9A93128919766CC9000BE009 /* ramUnit.cpp in Sources */ = {isa = PBXBuildFile; fileRef = 9A93127919766CC9000BE009 /* ramUnit.cpp */; };
		BBAB23CB13894F3D00AA2426 /* GLUT.framework in CopyFiles */ = {isa = PBXBuildFile; fileRef = BBAB23BE13894E4700AA2426 /* GLUT.framework */; };
		E4328149138ABC9F0047C5CB /* openFrameworksDebug.a in Frameworks */ = {isa = PBXBuildFile; fileRef = E4328148138ABC890047C5CB /* openFrameworksDebug.a */; };
		E45BE97B0E8CC7DD009D7055 /* AGL.framework in Frameworks */ = {isa = PBXBuildFile; fileRef = E45BE9710E8CC7DD009D7055 /* AGL.framework */; };
		E45BE97C0E8CC7DD009D7055 /* ApplicationServices.framework in Frameworks */ = {isa = PBXBuildFile; fileRef = E45BE9720E8CC7DD009D7055 /* ApplicationServices.framework */; };
		E45BE97D0E8CC7DD009D7055 /* AudioToolbox.framework in Frameworks */ = {isa = PBXBuildFile; fileRef = E45BE9730E8CC7DD009D7055 /* AudioToolbox.framework */; };
		E45BE97F0E8CC7DD009D7055 /* CoreAudio.framework in Frameworks */ = {isa = PBXBuildFile; fileRef = E45BE9750E8CC7DD009D7055 /* CoreAudio.framework */; };
		E45BE9800E8CC7DD009D7055 /* CoreFoundation.framework in Frameworks */ = {isa = PBXBuildFile; fileRef = E45BE9760E8CC7DD009D7055 /* CoreFoundation.framework */; };
		E45BE9810E8CC7DD009D7055 /* CoreServices.framework in Frameworks */ = {isa = PBXBuildFile; fileRef = E45BE9770E8CC7DD009D7055 /* CoreServices.framework */; };
		E45BE9830E8CC7DD009D7055 /* OpenGL.framework in Frameworks */ = {isa = PBXBuildFile; fileRef = E45BE9790E8CC7DD009D7055 /* OpenGL.framework */; };
		E45BE9840E8CC7DD009D7055 /* QuickTime.framework in Frameworks */ = {isa = PBXBuildFile; fileRef = E45BE97A0E8CC7DD009D7055 /* QuickTime.framework */; };
		E4B69E210A3A1BDC003C02F2 /* ofApp.cpp in Sources */ = {isa = PBXBuildFile; fileRef = E4B69E1E0A3A1BDC003C02F2 /* ofApp.cpp */; };
		E4C2424710CC5A17004149E2 /* AppKit.framework in Frameworks */ = {isa = PBXBuildFile; fileRef = E4C2424410CC5A17004149E2 /* AppKit.framework */; };
		E4C2424810CC5A17004149E2 /* Cocoa.framework in Frameworks */ = {isa = PBXBuildFile; fileRef = E4C2424510CC5A17004149E2 /* Cocoa.framework */; };
		E4C2424910CC5A17004149E2 /* IOKit.framework in Frameworks */ = {isa = PBXBuildFile; fileRef = E4C2424610CC5A17004149E2 /* IOKit.framework */; };
		E4EB6799138ADC1D00A09F29 /* GLUT.framework in Frameworks */ = {isa = PBXBuildFile; fileRef = BBAB23BE13894E4700AA2426 /* GLUT.framework */; };
		E7E077E515D3B63C0020DFD4 /* CoreVideo.framework in Frameworks */ = {isa = PBXBuildFile; fileRef = E7E077E415D3B63C0020DFD4 /* CoreVideo.framework */; };
		E7E077E815D3B6510020DFD4 /* QTKit.framework in Frameworks */ = {isa = PBXBuildFile; fileRef = E7E077E715D3B6510020DFD4 /* QTKit.framework */; };
		E7F985F815E0DEA3003869B5 /* Accelerate.framework in Frameworks */ = {isa = PBXBuildFile; fileRef = E7F985F515E0DE99003869B5 /* Accelerate.framework */; };
/* End PBXBuildFile section */

/* Begin PBXContainerItemProxy section */
		E4328147138ABC890047C5CB /* PBXContainerItemProxy */ = {
			isa = PBXContainerItemProxy;
			containerPortal = E4328143138ABC890047C5CB /* openFrameworksLib.xcodeproj */;
			proxyType = 2;
			remoteGlobalIDString = E4B27C1510CBEB8E00536013;
			remoteInfo = openFrameworks;
		};
		E4EEB9AB138B136A00A80321 /* PBXContainerItemProxy */ = {
			isa = PBXContainerItemProxy;
			containerPortal = E4328143138ABC890047C5CB /* openFrameworksLib.xcodeproj */;
			proxyType = 1;
			remoteGlobalIDString = E4B27C1410CBEB8E00536013;
			remoteInfo = openFrameworks;
		};
/* End PBXContainerItemProxy section */

/* Begin PBXCopyFilesBuildPhase section */
		E4C2427710CC5ABF004149E2 /* CopyFiles */ = {
			isa = PBXCopyFilesBuildPhase;
			buildActionMask = 2147483647;
			dstPath = "";
			dstSubfolderSpec = 10;
			files = (
				BBAB23CB13894F3D00AA2426 /* GLUT.framework in CopyFiles */,
			);
			runOnlyForDeploymentPostprocessing = 0;
		};
/* End PBXCopyFilesBuildPhase section */

/* Begin PBXFileReference section */
		9A185B23197557B700E2629F /* ofxOsc.h */ = {isa = PBXFileReference; lastKnownFileType = sourcecode.c.h; path = ofxOsc.h; sourceTree = "<group>"; };
		9A185B24197557B700E2629F /* ofxOscArg.h */ = {isa = PBXFileReference; lastKnownFileType = sourcecode.c.h; path = ofxOscArg.h; sourceTree = "<group>"; };
		9A185B25197557B700E2629F /* ofxOscBundle.cpp */ = {isa = PBXFileReference; lastKnownFileType = sourcecode.cpp.cpp; path = ofxOscBundle.cpp; sourceTree = "<group>"; };
		9A185B26197557B700E2629F /* ofxOscBundle.h */ = {isa = PBXFileReference; lastKnownFileType = sourcecode.c.h; path = ofxOscBundle.h; sourceTree = "<group>"; };
		9A185B27197557B700E2629F /* ofxOscMessage.cpp */ = {isa = PBXFileReference; lastKnownFileType = sourcecode.cpp.cpp; path = ofxOscMessage.cpp; sourceTree = "<group>"; };
		9A185B28197557B700E2629F /* ofxOscMessage.h */ = {isa = PBXFileReference; lastKnownFileType = sourcecode.c.h; path = ofxOscMessage.h; sourceTree = "<group>"; };
		9A185B29197557B700E2629F /* ofxOscParameterSync.cpp */ = {isa = PBXFileReference; lastKnownFileType = sourcecode.cpp.cpp; path = ofxOscParameterSync.cpp; sourceTree = "<group>"; };
		9A185B2A197557B700E2629F /* ofxOscParameterSync.h */ = {isa = PBXFileReference; lastKnownFileType = sourcecode.c.h; path = ofxOscParameterSync.h; sourceTree = "<group>"; };
		9A185B2B197557B700E2629F /* ofxOscReceiver.cpp */ = {isa = PBXFileReference; lastKnownFileType = sourcecode.cpp.cpp; path = ofxOscReceiver.cpp; sourceTree = "<group>"; };
		9A185B2C197557B700E2629F /* ofxOscReceiver.h */ = {isa = PBXFileReference; lastKnownFileType = sourcecode.c.h; path = ofxOscReceiver.h; sourceTree = "<group>"; };
		9A185B2D197557B700E2629F /* ofxOscSender.cpp */ = {isa = PBXFileReference; lastKnownFileType = sourcecode.cpp.cpp; path = ofxOscSender.cpp; sourceTree = "<group>"; };
		9A185B2E197557B700E2629F /* ofxOscSender.h */ = {isa = PBXFileReference; lastKnownFileType = sourcecode.c.h; path = ofxOscSender.h; sourceTree = "<group>"; };
		9A185B33197557B700E2629F /* IpEndpointName.cpp */ = {isa = PBXFileReference; lastKnownFileType = sourcecode.cpp.cpp; path = IpEndpointName.cpp; sourceTree = "<group>"; };
		9A185B34197557B700E2629F /* IpEndpointName.h */ = {isa = PBXFileReference; lastKnownFileType = sourcecode.c.h; path = IpEndpointName.h; sourceTree = "<group>"; };
		9A185B35197557B700E2629F /* NetworkingUtils.h */ = {isa = PBXFileReference; lastKnownFileType = sourcecode.c.h; path = NetworkingUtils.h; sourceTree = "<group>"; };
		9A185B36197557B700E2629F /* PacketListener.h */ = {isa = PBXFileReference; lastKnownFileType = sourcecode.c.h; path = PacketListener.h; sourceTree = "<group>"; };
		9A185B38197557B700E2629F /* NetworkingUtils.cpp */ = {isa = PBXFileReference; lastKnownFileType = sourcecode.cpp.cpp; path = NetworkingUtils.cpp; sourceTree = "<group>"; };
		9A185B39197557B700E2629F /* UdpSocket.cpp */ = {isa = PBXFileReference; lastKnownFileType = sourcecode.cpp.cpp; path = UdpSocket.cpp; sourceTree = "<group>"; };
		9A185B3A197557B700E2629F /* TimerListener.h */ = {isa = PBXFileReference; lastKnownFileType = sourcecode.c.h; path = TimerListener.h; sourceTree = "<group>"; };
		9A185B3B197557B700E2629F /* UdpSocket.h */ = {isa = PBXFileReference; lastKnownFileType = sourcecode.c.h; path = UdpSocket.h; sourceTree = "<group>"; };
		9A185B40197557B700E2629F /* MessageMappingOscPacketListener.h */ = {isa = PBXFileReference; lastKnownFileType = sourcecode.c.h; path = MessageMappingOscPacketListener.h; sourceTree = "<group>"; };
		9A185B41197557B700E2629F /* OscException.h */ = {isa = PBXFileReference; lastKnownFileType = sourcecode.c.h; path = OscException.h; sourceTree = "<group>"; };
		9A185B42197557B700E2629F /* OscHostEndianness.h */ = {isa = PBXFileReference; lastKnownFileType = sourcecode.c.h; path = OscHostEndianness.h; sourceTree = "<group>"; };
		9A185B43197557B700E2629F /* OscOutboundPacketStream.cpp */ = {isa = PBXFileReference; lastKnownFileType = sourcecode.cpp.cpp; path = OscOutboundPacketStream.cpp; sourceTree = "<group>"; };
		9A185B44197557B700E2629F /* OscOutboundPacketStream.h */ = {isa = PBXFileReference; lastKnownFileType = sourcecode.c.h; path = OscOutboundPacketStream.h; sourceTree = "<group>"; };
		9A185B45197557B700E2629F /* OscPacketListener.h */ = {isa = PBXFileReference; lastKnownFileType = sourcecode.c.h; path = OscPacketListener.h; sourceTree = "<group>"; };
		9A185B46197557B700E2629F /* OscPrintReceivedElements.cpp */ = {isa = PBXFileReference; lastKnownFileType = sourcecode.cpp.cpp; path = OscPrintReceivedElements.cpp; sourceTree = "<group>"; };
		9A185B47197557B700E2629F /* OscPrintReceivedElements.h */ = {isa = PBXFileReference; lastKnownFileType = sourcecode.c.h; path = OscPrintReceivedElements.h; sourceTree = "<group>"; };
		9A185B48197557B700E2629F /* OscReceivedElements.cpp */ = {isa = PBXFileReference; lastKnownFileType = sourcecode.cpp.cpp; path = OscReceivedElements.cpp; sourceTree = "<group>"; };
		9A185B49197557B700E2629F /* OscReceivedElements.h */ = {isa = PBXFileReference; lastKnownFileType = sourcecode.c.h; path = OscReceivedElements.h; sourceTree = "<group>"; };
		9A185B4A197557B700E2629F /* OscTypes.cpp */ = {isa = PBXFileReference; lastKnownFileType = sourcecode.cpp.cpp; path = OscTypes.cpp; sourceTree = "<group>"; };
		9A185B4B197557B700E2629F /* OscTypes.h */ = {isa = PBXFileReference; lastKnownFileType = sourcecode.c.h; path = OscTypes.h; sourceTree = "<group>"; };
		9A3F22941974DD6300F2E9F9 /* ofxUI.h */ = {isa = PBXFileReference; lastKnownFileType = sourcecode.c.h; path = ofxUI.h; sourceTree = "<group>"; };
		9A3F22951974DD6300F2E9F9 /* ofxUI2DGraph.cpp */ = {isa = PBXFileReference; lastKnownFileType = sourcecode.cpp.cpp; path = ofxUI2DGraph.cpp; sourceTree = "<group>"; };
		9A3F22961974DD6300F2E9F9 /* ofxUI2DGraph.h */ = {isa = PBXFileReference; lastKnownFileType = sourcecode.c.h; path = ofxUI2DGraph.h; sourceTree = "<group>"; };
		9A3F22971974DD6300F2E9F9 /* ofxUI2DPad.cpp */ = {isa = PBXFileReference; lastKnownFileType = sourcecode.cpp.cpp; path = ofxUI2DPad.cpp; sourceTree = "<group>"; };
		9A3F22981974DD6300F2E9F9 /* ofxUI2DPad.h */ = {isa = PBXFileReference; lastKnownFileType = sourcecode.c.h; path = ofxUI2DPad.h; sourceTree = "<group>"; };
		9A3F22991974DD6300F2E9F9 /* ofxUIBaseDraws.cpp */ = {isa = PBXFileReference; lastKnownFileType = sourcecode.cpp.cpp; path = ofxUIBaseDraws.cpp; sourceTree = "<group>"; };
		9A3F229A1974DD6300F2E9F9 /* ofxUIBaseDraws.h */ = {isa = PBXFileReference; lastKnownFileType = sourcecode.c.h; path = ofxUIBaseDraws.h; sourceTree = "<group>"; };
		9A3F229B1974DD6300F2E9F9 /* ofxUIBiLabelSlider.cpp */ = {isa = PBXFileReference; lastKnownFileType = sourcecode.cpp.cpp; path = ofxUIBiLabelSlider.cpp; sourceTree = "<group>"; };
		9A3F229C1974DD6300F2E9F9 /* ofxUIBiLabelSlider.h */ = {isa = PBXFileReference; lastKnownFileType = sourcecode.c.h; path = ofxUIBiLabelSlider.h; sourceTree = "<group>"; };
		9A3F229D1974DD6300F2E9F9 /* ofxUIButton.cpp */ = {isa = PBXFileReference; lastKnownFileType = sourcecode.cpp.cpp; path = ofxUIButton.cpp; sourceTree = "<group>"; };
		9A3F229E1974DD6300F2E9F9 /* ofxUIButton.h */ = {isa = PBXFileReference; lastKnownFileType = sourcecode.c.h; path = ofxUIButton.h; sourceTree = "<group>"; };
		9A3F229F1974DD6300F2E9F9 /* ofxUICanvas.cpp */ = {isa = PBXFileReference; lastKnownFileType = sourcecode.cpp.cpp; path = ofxUICanvas.cpp; sourceTree = "<group>"; };
		9A3F22A01974DD6300F2E9F9 /* ofxUICanvas.h */ = {isa = PBXFileReference; lastKnownFileType = sourcecode.c.h; path = ofxUICanvas.h; sourceTree = "<group>"; };
		9A3F22A11974DD6300F2E9F9 /* ofxUICircleSlider.cpp */ = {isa = PBXFileReference; lastKnownFileType = sourcecode.cpp.cpp; path = ofxUICircleSlider.cpp; sourceTree = "<group>"; };
		9A3F22A21974DD6300F2E9F9 /* ofxUICircleSlider.h */ = {isa = PBXFileReference; lastKnownFileType = sourcecode.c.h; path = ofxUICircleSlider.h; sourceTree = "<group>"; };
		9A3F22A31974DD6300F2E9F9 /* ofxUIDefines.h */ = {isa = PBXFileReference; lastKnownFileType = sourcecode.c.h; path = ofxUIDefines.h; sourceTree = "<group>"; };
		9A3F22A41974DD6300F2E9F9 /* ofxUIDragableLabelButton.cpp */ = {isa = PBXFileReference; lastKnownFileType = sourcecode.cpp.cpp; path = ofxUIDragableLabelButton.cpp; sourceTree = "<group>"; };
		9A3F22A51974DD6300F2E9F9 /* ofxUIDragableLabelButton.h */ = {isa = PBXFileReference; lastKnownFileType = sourcecode.c.h; path = ofxUIDragableLabelButton.h; sourceTree = "<group>"; };
		9A3F22A61974DD6300F2E9F9 /* ofxUIDropDownList.cpp */ = {isa = PBXFileReference; lastKnownFileType = sourcecode.cpp.cpp; path = ofxUIDropDownList.cpp; sourceTree = "<group>"; };
		9A3F22A71974DD6300F2E9F9 /* ofxUIDropDownList.h */ = {isa = PBXFileReference; lastKnownFileType = sourcecode.c.h; path = ofxUIDropDownList.h; sourceTree = "<group>"; };
		9A3F22A81974DD6300F2E9F9 /* ofxUIEventArgs.cpp */ = {isa = PBXFileReference; lastKnownFileType = sourcecode.cpp.cpp; path = ofxUIEventArgs.cpp; sourceTree = "<group>"; };
		9A3F22A91974DD6300F2E9F9 /* ofxUIEventArgs.h */ = {isa = PBXFileReference; lastKnownFileType = sourcecode.c.h; path = ofxUIEventArgs.h; sourceTree = "<group>"; };
		9A3F22AA1974DD6300F2E9F9 /* ofxUIFPS.cpp */ = {isa = PBXFileReference; lastKnownFileType = sourcecode.cpp.cpp; path = ofxUIFPS.cpp; sourceTree = "<group>"; };
		9A3F22AB1974DD6300F2E9F9 /* ofxUIFPS.h */ = {isa = PBXFileReference; lastKnownFileType = sourcecode.c.h; path = ofxUIFPS.h; sourceTree = "<group>"; };
		9A3F22AC1974DD6300F2E9F9 /* ofxUIFPSSlider.cpp */ = {isa = PBXFileReference; lastKnownFileType = sourcecode.cpp.cpp; path = ofxUIFPSSlider.cpp; sourceTree = "<group>"; };
		9A3F22AD1974DD6300F2E9F9 /* ofxUIFPSSlider.h */ = {isa = PBXFileReference; lastKnownFileType = sourcecode.c.h; path = ofxUIFPSSlider.h; sourceTree = "<group>"; };
		9A3F22AE1974DD6300F2E9F9 /* ofxUIImage.cpp */ = {isa = PBXFileReference; lastKnownFileType = sourcecode.cpp.cpp; path = ofxUIImage.cpp; sourceTree = "<group>"; };
		9A3F22AF1974DD6300F2E9F9 /* ofxUIImage.h */ = {isa = PBXFileReference; lastKnownFileType = sourcecode.c.h; path = ofxUIImage.h; sourceTree = "<group>"; };
		9A3F22B01974DD6300F2E9F9 /* ofxUIImageButton.cpp */ = {isa = PBXFileReference; lastKnownFileType = sourcecode.cpp.cpp; path = ofxUIImageButton.cpp; sourceTree = "<group>"; };
		9A3F22B11974DD6300F2E9F9 /* ofxUIImageButton.h */ = {isa = PBXFileReference; lastKnownFileType = sourcecode.c.h; path = ofxUIImageButton.h; sourceTree = "<group>"; };
		9A3F22B21974DD6300F2E9F9 /* ofxUIImageSampler.cpp */ = {isa = PBXFileReference; lastKnownFileType = sourcecode.cpp.cpp; path = ofxUIImageSampler.cpp; sourceTree = "<group>"; };
		9A3F22B31974DD6300F2E9F9 /* ofxUIImageSampler.h */ = {isa = PBXFileReference; lastKnownFileType = sourcecode.c.h; path = ofxUIImageSampler.h; sourceTree = "<group>"; };
		9A3F22B41974DD6300F2E9F9 /* ofxUIImageSlider.cpp */ = {isa = PBXFileReference; lastKnownFileType = sourcecode.cpp.cpp; path = ofxUIImageSlider.cpp; sourceTree = "<group>"; };
		9A3F22B51974DD6300F2E9F9 /* ofxUIImageSlider.h */ = {isa = PBXFileReference; lastKnownFileType = sourcecode.c.h; path = ofxUIImageSlider.h; sourceTree = "<group>"; };
		9A3F22B61974DD6300F2E9F9 /* ofxUIImageToggle.cpp */ = {isa = PBXFileReference; lastKnownFileType = sourcecode.cpp.cpp; path = ofxUIImageToggle.cpp; sourceTree = "<group>"; };
		9A3F22B71974DD6300F2E9F9 /* ofxUIImageToggle.h */ = {isa = PBXFileReference; lastKnownFileType = sourcecode.c.h; path = ofxUIImageToggle.h; sourceTree = "<group>"; };
		9A3F22B81974DD6300F2E9F9 /* ofxUILabel.cpp */ = {isa = PBXFileReference; lastKnownFileType = sourcecode.cpp.cpp; path = ofxUILabel.cpp; sourceTree = "<group>"; };
		9A3F22B91974DD6300F2E9F9 /* ofxUILabel.h */ = {isa = PBXFileReference; lastKnownFileType = sourcecode.c.h; path = ofxUILabel.h; sourceTree = "<group>"; };
		9A3F22BA1974DD6300F2E9F9 /* ofxUILabelButton.cpp */ = {isa = PBXFileReference; lastKnownFileType = sourcecode.cpp.cpp; path = ofxUILabelButton.cpp; sourceTree = "<group>"; };
		9A3F22BB1974DD6300F2E9F9 /* ofxUILabelButton.h */ = {isa = PBXFileReference; lastKnownFileType = sourcecode.c.h; path = ofxUILabelButton.h; sourceTree = "<group>"; };
		9A3F22BC1974DD6300F2E9F9 /* ofxUILabelToggle.cpp */ = {isa = PBXFileReference; lastKnownFileType = sourcecode.cpp.cpp; path = ofxUILabelToggle.cpp; sourceTree = "<group>"; };
		9A3F22BD1974DD6300F2E9F9 /* ofxUILabelToggle.h */ = {isa = PBXFileReference; lastKnownFileType = sourcecode.c.h; path = ofxUILabelToggle.h; sourceTree = "<group>"; };
		9A3F22BE1974DD6300F2E9F9 /* ofxUIMinimalSlider.cpp */ = {isa = PBXFileReference; lastKnownFileType = sourcecode.cpp.cpp; path = ofxUIMinimalSlider.cpp; sourceTree = "<group>"; };
		9A3F22BF1974DD6300F2E9F9 /* ofxUIMinimalSlider.h */ = {isa = PBXFileReference; lastKnownFileType = sourcecode.c.h; path = ofxUIMinimalSlider.h; sourceTree = "<group>"; };
		9A3F22C01974DD6300F2E9F9 /* ofxUIMovingGraph.cpp */ = {isa = PBXFileReference; lastKnownFileType = sourcecode.cpp.cpp; path = ofxUIMovingGraph.cpp; sourceTree = "<group>"; };
		9A3F22C11974DD6300F2E9F9 /* ofxUIMovingGraph.h */ = {isa = PBXFileReference; lastKnownFileType = sourcecode.c.h; path = ofxUIMovingGraph.h; sourceTree = "<group>"; };
		9A3F22C21974DD6300F2E9F9 /* ofxUIMultiImageButton.cpp */ = {isa = PBXFileReference; lastKnownFileType = sourcecode.cpp.cpp; path = ofxUIMultiImageButton.cpp; sourceTree = "<group>"; };
		9A3F22C31974DD6300F2E9F9 /* ofxUIMultiImageButton.h */ = {isa = PBXFileReference; lastKnownFileType = sourcecode.c.h; path = ofxUIMultiImageButton.h; sourceTree = "<group>"; };
		9A3F22C41974DD6300F2E9F9 /* ofxUIMultiImageToggle.cpp */ = {isa = PBXFileReference; lastKnownFileType = sourcecode.cpp.cpp; path = ofxUIMultiImageToggle.cpp; sourceTree = "<group>"; };
		9A3F22C51974DD6300F2E9F9 /* ofxUIMultiImageToggle.h */ = {isa = PBXFileReference; lastKnownFileType = sourcecode.c.h; path = ofxUIMultiImageToggle.h; sourceTree = "<group>"; };
		9A3F22C61974DD6300F2E9F9 /* ofxUINumberDialer.cpp */ = {isa = PBXFileReference; lastKnownFileType = sourcecode.cpp.cpp; path = ofxUINumberDialer.cpp; sourceTree = "<group>"; };
		9A3F22C71974DD6300F2E9F9 /* ofxUINumberDialer.h */ = {isa = PBXFileReference; lastKnownFileType = sourcecode.c.h; path = ofxUINumberDialer.h; sourceTree = "<group>"; };
		9A3F22C81974DD6300F2E9F9 /* ofxUIOFWrapper.h */ = {isa = PBXFileReference; lastKnownFileType = sourcecode.c.h; path = ofxUIOFWrapper.h; sourceTree = "<group>"; };
		9A3F22C91974DD6300F2E9F9 /* ofxUIRadio.cpp */ = {isa = PBXFileReference; lastKnownFileType = sourcecode.cpp.cpp; path = ofxUIRadio.cpp; sourceTree = "<group>"; };
		9A3F22CA1974DD6300F2E9F9 /* ofxUIRadio.h */ = {isa = PBXFileReference; lastKnownFileType = sourcecode.c.h; path = ofxUIRadio.h; sourceTree = "<group>"; };
		9A3F22CB1974DD6300F2E9F9 /* ofxUIRangeSlider.cpp */ = {isa = PBXFileReference; lastKnownFileType = sourcecode.cpp.cpp; path = ofxUIRangeSlider.cpp; sourceTree = "<group>"; };
		9A3F22CC1974DD6300F2E9F9 /* ofxUIRangeSlider.h */ = {isa = PBXFileReference; lastKnownFileType = sourcecode.c.h; path = ofxUIRangeSlider.h; sourceTree = "<group>"; };
		9A3F22CD1974DD6300F2E9F9 /* ofxUIRectangle.cpp */ = {isa = PBXFileReference; lastKnownFileType = sourcecode.cpp.cpp; path = ofxUIRectangle.cpp; sourceTree = "<group>"; };
		9A3F22CE1974DD6300F2E9F9 /* ofxUIRectangle.h */ = {isa = PBXFileReference; lastKnownFileType = sourcecode.c.h; path = ofxUIRectangle.h; sourceTree = "<group>"; };
		9A3F22CF1974DD6300F2E9F9 /* ofxUIRotarySlider.cpp */ = {isa = PBXFileReference; lastKnownFileType = sourcecode.cpp.cpp; path = ofxUIRotarySlider.cpp; sourceTree = "<group>"; };
		9A3F22D01974DD6300F2E9F9 /* ofxUIRotarySlider.h */ = {isa = PBXFileReference; lastKnownFileType = sourcecode.c.h; path = ofxUIRotarySlider.h; sourceTree = "<group>"; };
		9A3F22D11974DD6300F2E9F9 /* ofxUIScrollableCanvas.cpp */ = {isa = PBXFileReference; lastKnownFileType = sourcecode.cpp.cpp; path = ofxUIScrollableCanvas.cpp; sourceTree = "<group>"; };
		9A3F22D21974DD6300F2E9F9 /* ofxUIScrollableCanvas.h */ = {isa = PBXFileReference; lastKnownFileType = sourcecode.c.h; path = ofxUIScrollableCanvas.h; sourceTree = "<group>"; };
		9A3F22D31974DD6300F2E9F9 /* ofxUISlider.cpp */ = {isa = PBXFileReference; lastKnownFileType = sourcecode.cpp.cpp; path = ofxUISlider.cpp; sourceTree = "<group>"; };
		9A3F22D41974DD6300F2E9F9 /* ofxUISlider.h */ = {isa = PBXFileReference; lastKnownFileType = sourcecode.c.h; path = ofxUISlider.h; sourceTree = "<group>"; };
		9A3F22D51974DD6300F2E9F9 /* ofxUISortableList.cpp */ = {isa = PBXFileReference; lastKnownFileType = sourcecode.cpp.cpp; path = ofxUISortableList.cpp; sourceTree = "<group>"; };
		9A3F22D61974DD6300F2E9F9 /* ofxUISortableList.h */ = {isa = PBXFileReference; lastKnownFileType = sourcecode.c.h; path = ofxUISortableList.h; sourceTree = "<group>"; };
		9A3F22D71974DD6300F2E9F9 /* ofxUISpacer.cpp */ = {isa = PBXFileReference; lastKnownFileType = sourcecode.cpp.cpp; path = ofxUISpacer.cpp; sourceTree = "<group>"; };
		9A3F22D81974DD6300F2E9F9 /* ofxUISpacer.h */ = {isa = PBXFileReference; lastKnownFileType = sourcecode.c.h; path = ofxUISpacer.h; sourceTree = "<group>"; };
		9A3F22D91974DD6300F2E9F9 /* ofxUISpectrum.cpp */ = {isa = PBXFileReference; lastKnownFileType = sourcecode.cpp.cpp; path = ofxUISpectrum.cpp; sourceTree = "<group>"; };
		9A3F22DA1974DD6300F2E9F9 /* ofxUISpectrum.h */ = {isa = PBXFileReference; lastKnownFileType = sourcecode.c.h; path = ofxUISpectrum.h; sourceTree = "<group>"; };
		9A3F22DB1974DD6300F2E9F9 /* ofxUISuperCanvas.cpp */ = {isa = PBXFileReference; lastKnownFileType = sourcecode.cpp.cpp; path = ofxUISuperCanvas.cpp; sourceTree = "<group>"; };
		9A3F22DC1974DD6300F2E9F9 /* ofxUISuperCanvas.h */ = {isa = PBXFileReference; lastKnownFileType = sourcecode.c.h; path = ofxUISuperCanvas.h; sourceTree = "<group>"; };
		9A3F22DD1974DD6300F2E9F9 /* ofxUITabBar.cpp */ = {isa = PBXFileReference; lastKnownFileType = sourcecode.cpp.cpp; path = ofxUITabBar.cpp; sourceTree = "<group>"; };
		9A3F22DE1974DD6300F2E9F9 /* ofxUITabBar.h */ = {isa = PBXFileReference; lastKnownFileType = sourcecode.c.h; path = ofxUITabBar.h; sourceTree = "<group>"; };
		9A3F22DF1974DD6300F2E9F9 /* ofxUITextArea.cpp */ = {isa = PBXFileReference; lastKnownFileType = sourcecode.cpp.cpp; path = ofxUITextArea.cpp; sourceTree = "<group>"; };
		9A3F22E01974DD6300F2E9F9 /* ofxUITextArea.h */ = {isa = PBXFileReference; lastKnownFileType = sourcecode.c.h; path = ofxUITextArea.h; sourceTree = "<group>"; };
		9A3F22E11974DD6300F2E9F9 /* ofxUITextInput.cpp */ = {isa = PBXFileReference; lastKnownFileType = sourcecode.cpp.cpp; path = ofxUITextInput.cpp; sourceTree = "<group>"; };
		9A3F22E21974DD6300F2E9F9 /* ofxUITextInput.h */ = {isa = PBXFileReference; lastKnownFileType = sourcecode.c.h; path = ofxUITextInput.h; sourceTree = "<group>"; };
		9A3F22E31974DD6300F2E9F9 /* ofxUIToggle.cpp */ = {isa = PBXFileReference; lastKnownFileType = sourcecode.cpp.cpp; path = ofxUIToggle.cpp; sourceTree = "<group>"; };
		9A3F22E41974DD6300F2E9F9 /* ofxUIToggle.h */ = {isa = PBXFileReference; lastKnownFileType = sourcecode.c.h; path = ofxUIToggle.h; sourceTree = "<group>"; };
		9A3F22E51974DD6300F2E9F9 /* ofxUIToggleMatrix.cpp */ = {isa = PBXFileReference; lastKnownFileType = sourcecode.cpp.cpp; path = ofxUIToggleMatrix.cpp; sourceTree = "<group>"; };
		9A3F22E61974DD6300F2E9F9 /* ofxUIToggleMatrix.h */ = {isa = PBXFileReference; lastKnownFileType = sourcecode.c.h; path = ofxUIToggleMatrix.h; sourceTree = "<group>"; };
		9A3F22E71974DD6300F2E9F9 /* ofxUIUtils.h */ = {isa = PBXFileReference; lastKnownFileType = sourcecode.c.h; path = ofxUIUtils.h; sourceTree = "<group>"; };
		9A3F22E81974DD6300F2E9F9 /* ofxUIValuePlotter.cpp */ = {isa = PBXFileReference; lastKnownFileType = sourcecode.cpp.cpp; path = ofxUIValuePlotter.cpp; sourceTree = "<group>"; };
		9A3F22E91974DD6300F2E9F9 /* ofxUIValuePlotter.h */ = {isa = PBXFileReference; lastKnownFileType = sourcecode.c.h; path = ofxUIValuePlotter.h; sourceTree = "<group>"; };
		9A3F22EA1974DD6300F2E9F9 /* ofxUIWaveform.cpp */ = {isa = PBXFileReference; lastKnownFileType = sourcecode.cpp.cpp; path = ofxUIWaveform.cpp; sourceTree = "<group>"; };
		9A3F22EB1974DD6300F2E9F9 /* ofxUIWaveform.h */ = {isa = PBXFileReference; lastKnownFileType = sourcecode.c.h; path = ofxUIWaveform.h; sourceTree = "<group>"; };
		9A3F22EC1974DD6300F2E9F9 /* ofxUIWidget.cpp */ = {isa = PBXFileReference; lastKnownFileType = sourcecode.cpp.cpp; path = ofxUIWidget.cpp; sourceTree = "<group>"; };
		9A3F22ED1974DD6300F2E9F9 /* ofxUIWidget.h */ = {isa = PBXFileReference; lastKnownFileType = sourcecode.c.h; path = ofxUIWidget.h; sourceTree = "<group>"; };
		9A3F22EE1974DD6300F2E9F9 /* ofxUIWidgets.h */ = {isa = PBXFileReference; lastKnownFileType = sourcecode.c.h; path = ofxUIWidgets.h; sourceTree = "<group>"; };
		9A3F22EF1974DD6300F2E9F9 /* ofxUIWidgetWithLabel.cpp */ = {isa = PBXFileReference; lastKnownFileType = sourcecode.cpp.cpp; path = ofxUIWidgetWithLabel.cpp; sourceTree = "<group>"; };
		9A3F22F01974DD6300F2E9F9 /* ofxUIWidgetWithLabel.h */ = {isa = PBXFileReference; lastKnownFileType = sourcecode.c.h; path = ofxUIWidgetWithLabel.h; sourceTree = "<group>"; };
		9A3F22F11974DD6300F2E9F9 /* ofxUIWrapper.h */ = {isa = PBXFileReference; lastKnownFileType = sourcecode.c.h; path = ofxUIWrapper.h; sourceTree = "<group>"; };
		9A3F23201974DDC100F2E9F9 /* ofxXmlSettings.cpp */ = {isa = PBXFileReference; lastKnownFileType = sourcecode.cpp.cpp; path = ofxXmlSettings.cpp; sourceTree = "<group>"; };
		9A3F23211974DDC100F2E9F9 /* ofxXmlSettings.h */ = {isa = PBXFileReference; lastKnownFileType = sourcecode.c.h; path = ofxXmlSettings.h; sourceTree = "<group>"; };
		9A3F23231974DDC100F2E9F9 /* tinyxml.cpp */ = {isa = PBXFileReference; lastKnownFileType = sourcecode.cpp.cpp; path = tinyxml.cpp; sourceTree = "<group>"; };
		9A3F23241974DDC100F2E9F9 /* tinyxml.h */ = {isa = PBXFileReference; lastKnownFileType = sourcecode.c.h; path = tinyxml.h; sourceTree = "<group>"; };
		9A3F23251974DDC100F2E9F9 /* tinyxmlerror.cpp */ = {isa = PBXFileReference; lastKnownFileType = sourcecode.cpp.cpp; path = tinyxmlerror.cpp; sourceTree = "<group>"; };
		9A3F23261974DDC100F2E9F9 /* tinyxmlparser.cpp */ = {isa = PBXFileReference; lastKnownFileType = sourcecode.cpp.cpp; path = tinyxmlparser.cpp; sourceTree = "<group>"; };
		9A93125A19766CC9000BE009 /* ramActor.cpp */ = {isa = PBXFileReference; fileEncoding = 4; lastKnownFileType = sourcecode.cpp.cpp; path = ramActor.cpp; sourceTree = "<group>"; };
		9A93125B19766CC9000BE009 /* ramActor.h */ = {isa = PBXFileReference; fileEncoding = 4; lastKnownFileType = sourcecode.c.h; path = ramActor.h; sourceTree = "<group>"; };
		9A93125C19766CC9000BE009 /* ramNodeArray.cpp */ = {isa = PBXFileReference; fileEncoding = 4; lastKnownFileType = sourcecode.cpp.cpp; path = ramNodeArray.cpp; sourceTree = "<group>"; };
		9A93125D19766CC9000BE009 /* ramNodeArray.h */ = {isa = PBXFileReference; fileEncoding = 4; lastKnownFileType = sourcecode.c.h; path = ramNodeArray.h; sourceTree = "<group>"; };
		9A93125E19766CC9000BE009 /* ramNodeIdentifier.h */ = {isa = PBXFileReference; fileEncoding = 4; lastKnownFileType = sourcecode.c.h; path = ramNodeIdentifier.h; sourceTree = "<group>"; };
		9A93125F19766CC9000BE009 /* ramRigidBody.cpp */ = {isa = PBXFileReference; fileEncoding = 4; lastKnownFileType = sourcecode.cpp.cpp; path = ramRigidBody.cpp; sourceTree = "<group>"; };
		9A93126019766CC9000BE009 /* ramRigidBody.h */ = {isa = PBXFileReference; fileEncoding = 4; lastKnownFileType = sourcecode.c.h; path = ramRigidBody.h; sourceTree = "<group>"; };
		9A93126219766CC9000BE009 /* ramAccelerometer.cpp */ = {isa = PBXFileReference; fileEncoding = 4; lastKnownFileType = sourcecode.cpp.cpp; path = ramAccelerometer.cpp; sourceTree = "<group>"; };
		9A93126319766CC9000BE009 /* ramAccelerometer.h */ = {isa = PBXFileReference; fileEncoding = 4; lastKnownFileType = sourcecode.c.h; path = ramAccelerometer.h; sourceTree = "<group>"; };
		9A93126419766CC9000BE009 /* ramInteractivePrimitive.cpp */ = {isa = PBXFileReference; fileEncoding = 4; lastKnownFileType = sourcecode.cpp.cpp; path = ramInteractivePrimitive.cpp; sourceTree = "<group>"; };
		9A93126519766CC9000BE009 /* ramInteractivePrimitive.h */ = {isa = PBXFileReference; fileEncoding = 4; lastKnownFileType = sourcecode.c.h; path = ramInteractivePrimitive.h; sourceTree = "<group>"; };
		9A93126619766CC9000BE009 /* ramNode.cpp */ = {isa = PBXFileReference; fileEncoding = 4; lastKnownFileType = sourcecode.cpp.cpp; path = ramNode.cpp; sourceTree = "<group>"; };
		9A93126719766CC9000BE009 /* ramNode.h */ = {isa = PBXFileReference; fileEncoding = 4; lastKnownFileType = sourcecode.c.h; path = ramNode.h; sourceTree = "<group>"; };
		9A93126819766CC9000BE009 /* ramActorManager.cpp */ = {isa = PBXFileReference; fileEncoding = 4; lastKnownFileType = sourcecode.cpp.cpp; path = ramActorManager.cpp; sourceTree = "<group>"; };
		9A93126919766CC9000BE009 /* ramActorManager.h */ = {isa = PBXFileReference; fileEncoding = 4; lastKnownFileType = sourcecode.c.h; path = ramActorManager.h; sourceTree = "<group>"; };
		9A93126B19766CC9000BE009 /* ramCompoundContainer.cpp */ = {isa = PBXFileReference; fileEncoding = 4; lastKnownFileType = sourcecode.cpp.cpp; path = ramCompoundContainer.cpp; sourceTree = "<group>"; };
		9A93126C19766CC9000BE009 /* ramCompoundContainer.h */ = {isa = PBXFileReference; fileEncoding = 4; lastKnownFileType = sourcecode.c.h; path = ramCompoundContainer.h; sourceTree = "<group>"; };
		9A93126D19766CC9000BE009 /* ramConstants.h */ = {isa = PBXFileReference; fileEncoding = 4; lastKnownFileType = sourcecode.c.h; path = ramConstants.h; sourceTree = "<group>"; };
		9A93126F19766CC9000BE009 /* ramBaseScene.cpp */ = {isa = PBXFileReference; fileEncoding = 4; lastKnownFileType = sourcecode.cpp.cpp; path = ramBaseScene.cpp; sourceTree = "<group>"; };
		9A93127019766CC9000BE009 /* ramBaseScene.h */ = {isa = PBXFileReference; fileEncoding = 4; lastKnownFileType = sourcecode.c.h; path = ramBaseScene.h; sourceTree = "<group>"; };
		9A93127119766CC9000BE009 /* ramSceneManager.cpp */ = {isa = PBXFileReference; fileEncoding = 4; lastKnownFileType = sourcecode.cpp.cpp; path = ramSceneManager.cpp; sourceTree = "<group>"; };
		9A93127219766CC9000BE009 /* ramSceneManager.h */ = {isa = PBXFileReference; fileEncoding = 4; lastKnownFileType = sourcecode.c.h; path = ramSceneManager.h; sourceTree = "<group>"; };
		9A93127419766CC9000BE009 /* ramBaseFilter.cpp */ = {isa = PBXFileReference; fileEncoding = 4; lastKnownFileType = sourcecode.cpp.cpp; path = ramBaseFilter.cpp; sourceTree = "<group>"; };
		9A93127519766CC9000BE009 /* ramBaseFilter.h */ = {isa = PBXFileReference; fileEncoding = 4; lastKnownFileType = sourcecode.c.h; path = ramBaseFilter.h; sourceTree = "<group>"; };
		9A93127719766CC9000BE009 /* ramGUI.cpp */ = {isa = PBXFileReference; fileEncoding = 4; lastKnownFileType = sourcecode.cpp.cpp; path = ramGUI.cpp; sourceTree = "<group>"; };
		9A93127819766CC9000BE009 /* ramGUI.h */ = {isa = PBXFileReference; fileEncoding = 4; lastKnownFileType = sourcecode.c.h; path = ramGUI.h; sourceTree = "<group>"; };
		9A93127919766CC9000BE009 /* ramUnit.cpp */ = {isa = PBXFileReference; fileEncoding = 4; lastKnownFileType = sourcecode.cpp.cpp; path = ramUnit.cpp; sourceTree = "<group>"; };
		9A93127B19766CC9000BE009 /* ramGlobalShortcuts.h */ = {isa = PBXFileReference; fileEncoding = 4; lastKnownFileType = sourcecode.c.h; path = ramGlobalShortcuts.h; sourceTree = "<group>"; };
		9A93127C19766CC9000BE009 /* ramUnit.h */ = {isa = PBXFileReference; fileEncoding = 4; lastKnownFileType = sourcecode.c.h; path = ramUnit.h; sourceTree = "<group>"; };
		9AF6DBCE19752A420072A9EF /* ramMain.h */ = {isa = PBXFileReference; fileEncoding = 4; lastKnownFileType = sourcecode.c.h; path = ramMain.h; sourceTree = "<group>"; };
		BBAB23BE13894E4700AA2426 /* GLUT.framework */ = {isa = PBXFileReference; lastKnownFileType = wrapper.framework; name = GLUT.framework; path = ../../../libs/glut/lib/osx/GLUT.framework; sourceTree = "<group>"; };
		E4328143138ABC890047C5CB /* openFrameworksLib.xcodeproj */ = {isa = PBXFileReference; lastKnownFileType = "wrapper.pb-project"; name = openFrameworksLib.xcodeproj; path = ../../../libs/openFrameworksCompiled/project/osx/openFrameworksLib.xcodeproj; sourceTree = SOURCE_ROOT; };
		E45BE9710E8CC7DD009D7055 /* AGL.framework */ = {isa = PBXFileReference; lastKnownFileType = wrapper.framework; name = AGL.framework; path = /System/Library/Frameworks/AGL.framework; sourceTree = "<absolute>"; };
		E45BE9720E8CC7DD009D7055 /* ApplicationServices.framework */ = {isa = PBXFileReference; lastKnownFileType = wrapper.framework; name = ApplicationServices.framework; path = /System/Library/Frameworks/ApplicationServices.framework; sourceTree = "<absolute>"; };
		E45BE9730E8CC7DD009D7055 /* AudioToolbox.framework */ = {isa = PBXFileReference; lastKnownFileType = wrapper.framework; name = AudioToolbox.framework; path = /System/Library/Frameworks/AudioToolbox.framework; sourceTree = "<absolute>"; };
		E45BE9750E8CC7DD009D7055 /* CoreAudio.framework */ = {isa = PBXFileReference; lastKnownFileType = wrapper.framework; name = CoreAudio.framework; path = /System/Library/Frameworks/CoreAudio.framework; sourceTree = "<absolute>"; };
		E45BE9760E8CC7DD009D7055 /* CoreFoundation.framework */ = {isa = PBXFileReference; lastKnownFileType = wrapper.framework; name = CoreFoundation.framework; path = /System/Library/Frameworks/CoreFoundation.framework; sourceTree = "<absolute>"; };
		E45BE9770E8CC7DD009D7055 /* CoreServices.framework */ = {isa = PBXFileReference; lastKnownFileType = wrapper.framework; name = CoreServices.framework; path = /System/Library/Frameworks/CoreServices.framework; sourceTree = "<absolute>"; };
		E45BE9790E8CC7DD009D7055 /* OpenGL.framework */ = {isa = PBXFileReference; lastKnownFileType = wrapper.framework; name = OpenGL.framework; path = /System/Library/Frameworks/OpenGL.framework; sourceTree = "<absolute>"; };
		E45BE97A0E8CC7DD009D7055 /* QuickTime.framework */ = {isa = PBXFileReference; lastKnownFileType = wrapper.framework; name = QuickTime.framework; path = /System/Library/Frameworks/QuickTime.framework; sourceTree = "<absolute>"; };
		E4B69B5B0A3A1756003C02F2 /* firstAppDebug.app */ = {isa = PBXFileReference; explicitFileType = wrapper.application; includeInIndex = 0; path = firstAppDebug.app; sourceTree = BUILT_PRODUCTS_DIR; };
		E4B69E1E0A3A1BDC003C02F2 /* ofApp.cpp */ = {isa = PBXFileReference; explicitFileType = sourcecode.cpp.cpp; fileEncoding = 30; name = ofApp.cpp; path = src/ofApp.cpp; sourceTree = SOURCE_ROOT; };
		E4B6FCAD0C3E899E008CF71C /* openFrameworks-Info.plist */ = {isa = PBXFileReference; fileEncoding = 30; lastKnownFileType = text.plist.xml; path = "openFrameworks-Info.plist"; sourceTree = "<group>"; };
		E4C2424410CC5A17004149E2 /* AppKit.framework */ = {isa = PBXFileReference; lastKnownFileType = wrapper.framework; name = AppKit.framework; path = /System/Library/Frameworks/AppKit.framework; sourceTree = "<absolute>"; };
		E4C2424510CC5A17004149E2 /* Cocoa.framework */ = {isa = PBXFileReference; lastKnownFileType = wrapper.framework; name = Cocoa.framework; path = /System/Library/Frameworks/Cocoa.framework; sourceTree = "<absolute>"; };
		E4C2424610CC5A17004149E2 /* IOKit.framework */ = {isa = PBXFileReference; lastKnownFileType = wrapper.framework; name = IOKit.framework; path = /System/Library/Frameworks/IOKit.framework; sourceTree = "<absolute>"; };
		E4EB691F138AFCF100A09F29 /* CoreOF.xcconfig */ = {isa = PBXFileReference; fileEncoding = 4; lastKnownFileType = text.xcconfig; name = CoreOF.xcconfig; path = ../../../libs/openFrameworksCompiled/project/osx/CoreOF.xcconfig; sourceTree = SOURCE_ROOT; };
		E4EB6923138AFD0F00A09F29 /* Project.xcconfig */ = {isa = PBXFileReference; fileEncoding = 4; lastKnownFileType = text.xcconfig; path = Project.xcconfig; sourceTree = "<group>"; };
		E7E077E415D3B63C0020DFD4 /* CoreVideo.framework */ = {isa = PBXFileReference; lastKnownFileType = wrapper.framework; name = CoreVideo.framework; path = /System/Library/Frameworks/CoreVideo.framework; sourceTree = "<absolute>"; };
		E7E077E715D3B6510020DFD4 /* QTKit.framework */ = {isa = PBXFileReference; lastKnownFileType = wrapper.framework; name = QTKit.framework; path = /System/Library/Frameworks/QTKit.framework; sourceTree = "<absolute>"; };
		E7F985F515E0DE99003869B5 /* Accelerate.framework */ = {isa = PBXFileReference; lastKnownFileType = wrapper.framework; name = Accelerate.framework; path = /System/Library/Frameworks/Accelerate.framework; sourceTree = "<absolute>"; };
/* End PBXFileReference section */

/* Begin PBXFrameworksBuildPhase section */
		E4B69B590A3A1756003C02F2 /* Frameworks */ = {
			isa = PBXFrameworksBuildPhase;
			buildActionMask = 2147483647;
			files = (
				E7F985F815E0DEA3003869B5 /* Accelerate.framework in Frameworks */,
				E7E077E815D3B6510020DFD4 /* QTKit.framework in Frameworks */,
				E4EB6799138ADC1D00A09F29 /* GLUT.framework in Frameworks */,
				E4328149138ABC9F0047C5CB /* openFrameworksDebug.a in Frameworks */,
				E45BE97B0E8CC7DD009D7055 /* AGL.framework in Frameworks */,
				E45BE97C0E8CC7DD009D7055 /* ApplicationServices.framework in Frameworks */,
				E45BE97D0E8CC7DD009D7055 /* AudioToolbox.framework in Frameworks */,
				E45BE97F0E8CC7DD009D7055 /* CoreAudio.framework in Frameworks */,
				E45BE9800E8CC7DD009D7055 /* CoreFoundation.framework in Frameworks */,
				E45BE9810E8CC7DD009D7055 /* CoreServices.framework in Frameworks */,
				E45BE9830E8CC7DD009D7055 /* OpenGL.framework in Frameworks */,
				E45BE9840E8CC7DD009D7055 /* QuickTime.framework in Frameworks */,
				E4C2424710CC5A17004149E2 /* AppKit.framework in Frameworks */,
				E4C2424810CC5A17004149E2 /* Cocoa.framework in Frameworks */,
				E4C2424910CC5A17004149E2 /* IOKit.framework in Frameworks */,
				E7E077E515D3B63C0020DFD4 /* CoreVideo.framework in Frameworks */,
			);
			runOnlyForDeploymentPostprocessing = 0;
		};
/* End PBXFrameworksBuildPhase section */

/* Begin PBXGroup section */
		9A185B21197557B700E2629F /* ofxOsc */ = {
			isa = PBXGroup;
			children = (
				9A185B22197557B700E2629F /* src */,
				9A185B2F197557B700E2629F /* libs */,
			);
			name = ofxOsc;
			sourceTree = "<group>";
		};
		9A185B22197557B700E2629F /* src */ = {
			isa = PBXGroup;
			children = (
				9A185B23197557B700E2629F /* ofxOsc.h */,
				9A185B24197557B700E2629F /* ofxOscArg.h */,
				9A185B25197557B700E2629F /* ofxOscBundle.cpp */,
				9A185B26197557B700E2629F /* ofxOscBundle.h */,
				9A185B27197557B700E2629F /* ofxOscMessage.cpp */,
				9A185B28197557B700E2629F /* ofxOscMessage.h */,
				9A185B29197557B700E2629F /* ofxOscParameterSync.cpp */,
				9A185B2A197557B700E2629F /* ofxOscParameterSync.h */,
				9A185B2B197557B700E2629F /* ofxOscReceiver.cpp */,
				9A185B2C197557B700E2629F /* ofxOscReceiver.h */,
				9A185B2D197557B700E2629F /* ofxOscSender.cpp */,
				9A185B2E197557B700E2629F /* ofxOscSender.h */,
			);
			name = src;
			path = ../../../addons/ofxOsc/src;
			sourceTree = "<group>";
		};
		9A185B2F197557B700E2629F /* libs */ = {
			isa = PBXGroup;
			children = (
				9A185B30197557B700E2629F /* oscpack */,
			);
			name = libs;
			path = ../../../addons/ofxOsc/libs;
			sourceTree = "<group>";
		};
		9A185B30197557B700E2629F /* oscpack */ = {
			isa = PBXGroup;
			children = (
				9A185B31197557B700E2629F /* src */,
			);
			path = oscpack;
			sourceTree = "<group>";
		};
		9A185B31197557B700E2629F /* src */ = {
			isa = PBXGroup;
			children = (
				9A185B32197557B700E2629F /* ip */,
				9A185B3F197557B700E2629F /* osc */,
			);
			path = src;
			sourceTree = "<group>";
		};
		9A185B32197557B700E2629F /* ip */ = {
			isa = PBXGroup;
			children = (
				9A185B33197557B700E2629F /* IpEndpointName.cpp */,
				9A185B34197557B700E2629F /* IpEndpointName.h */,
				9A185B35197557B700E2629F /* NetworkingUtils.h */,
				9A185B36197557B700E2629F /* PacketListener.h */,
				9A185B37197557B700E2629F /* posix */,
				9A185B3A197557B700E2629F /* TimerListener.h */,
				9A185B3B197557B700E2629F /* UdpSocket.h */,
			);
			path = ip;
			sourceTree = "<group>";
		};
		9A185B37197557B700E2629F /* posix */ = {
			isa = PBXGroup;
			children = (
				9A185B38197557B700E2629F /* NetworkingUtils.cpp */,
				9A185B39197557B700E2629F /* UdpSocket.cpp */,
			);
			path = posix;
			sourceTree = "<group>";
		};
		9A185B3F197557B700E2629F /* osc */ = {
			isa = PBXGroup;
			children = (
				9A185B40197557B700E2629F /* MessageMappingOscPacketListener.h */,
				9A185B41197557B700E2629F /* OscException.h */,
				9A185B42197557B700E2629F /* OscHostEndianness.h */,
				9A185B43197557B700E2629F /* OscOutboundPacketStream.cpp */,
				9A185B44197557B700E2629F /* OscOutboundPacketStream.h */,
				9A185B45197557B700E2629F /* OscPacketListener.h */,
				9A185B46197557B700E2629F /* OscPrintReceivedElements.cpp */,
				9A185B47197557B700E2629F /* OscPrintReceivedElements.h */,
				9A185B48197557B700E2629F /* OscReceivedElements.cpp */,
				9A185B49197557B700E2629F /* OscReceivedElements.h */,
				9A185B4A197557B700E2629F /* OscTypes.cpp */,
				9A185B4B197557B700E2629F /* OscTypes.h */,
			);
			path = osc;
			sourceTree = "<group>";
		};
		9A3F22921974DD6300F2E9F9 /* ofxUI */ = {
			isa = PBXGroup;
			children = (
				9A3F22931974DD6300F2E9F9 /* src */,
			);
			name = ofxUI;
			sourceTree = "<group>";
		};
		9A3F22931974DD6300F2E9F9 /* src */ = {
			isa = PBXGroup;
			children = (
				9A3F22941974DD6300F2E9F9 /* ofxUI.h */,
				9A3F22951974DD6300F2E9F9 /* ofxUI2DGraph.cpp */,
				9A3F22961974DD6300F2E9F9 /* ofxUI2DGraph.h */,
				9A3F22971974DD6300F2E9F9 /* ofxUI2DPad.cpp */,
				9A3F22981974DD6300F2E9F9 /* ofxUI2DPad.h */,
				9A3F22991974DD6300F2E9F9 /* ofxUIBaseDraws.cpp */,
				9A3F229A1974DD6300F2E9F9 /* ofxUIBaseDraws.h */,
				9A3F229B1974DD6300F2E9F9 /* ofxUIBiLabelSlider.cpp */,
				9A3F229C1974DD6300F2E9F9 /* ofxUIBiLabelSlider.h */,
				9A3F229D1974DD6300F2E9F9 /* ofxUIButton.cpp */,
				9A3F229E1974DD6300F2E9F9 /* ofxUIButton.h */,
				9A3F229F1974DD6300F2E9F9 /* ofxUICanvas.cpp */,
				9A3F22A01974DD6300F2E9F9 /* ofxUICanvas.h */,
				9A3F22A11974DD6300F2E9F9 /* ofxUICircleSlider.cpp */,
				9A3F22A21974DD6300F2E9F9 /* ofxUICircleSlider.h */,
				9A3F22A31974DD6300F2E9F9 /* ofxUIDefines.h */,
				9A3F22A41974DD6300F2E9F9 /* ofxUIDragableLabelButton.cpp */,
				9A3F22A51974DD6300F2E9F9 /* ofxUIDragableLabelButton.h */,
				9A3F22A61974DD6300F2E9F9 /* ofxUIDropDownList.cpp */,
				9A3F22A71974DD6300F2E9F9 /* ofxUIDropDownList.h */,
				9A3F22A81974DD6300F2E9F9 /* ofxUIEventArgs.cpp */,
				9A3F22A91974DD6300F2E9F9 /* ofxUIEventArgs.h */,
				9A3F22AA1974DD6300F2E9F9 /* ofxUIFPS.cpp */,
				9A3F22AB1974DD6300F2E9F9 /* ofxUIFPS.h */,
				9A3F22AC1974DD6300F2E9F9 /* ofxUIFPSSlider.cpp */,
				9A3F22AD1974DD6300F2E9F9 /* ofxUIFPSSlider.h */,
				9A3F22AE1974DD6300F2E9F9 /* ofxUIImage.cpp */,
				9A3F22AF1974DD6300F2E9F9 /* ofxUIImage.h */,
				9A3F22B01974DD6300F2E9F9 /* ofxUIImageButton.cpp */,
				9A3F22B11974DD6300F2E9F9 /* ofxUIImageButton.h */,
				9A3F22B21974DD6300F2E9F9 /* ofxUIImageSampler.cpp */,
				9A3F22B31974DD6300F2E9F9 /* ofxUIImageSampler.h */,
				9A3F22B41974DD6300F2E9F9 /* ofxUIImageSlider.cpp */,
				9A3F22B51974DD6300F2E9F9 /* ofxUIImageSlider.h */,
				9A3F22B61974DD6300F2E9F9 /* ofxUIImageToggle.cpp */,
				9A3F22B71974DD6300F2E9F9 /* ofxUIImageToggle.h */,
				9A3F22B81974DD6300F2E9F9 /* ofxUILabel.cpp */,
				9A3F22B91974DD6300F2E9F9 /* ofxUILabel.h */,
				9A3F22BA1974DD6300F2E9F9 /* ofxUILabelButton.cpp */,
				9A3F22BB1974DD6300F2E9F9 /* ofxUILabelButton.h */,
				9A3F22BC1974DD6300F2E9F9 /* ofxUILabelToggle.cpp */,
				9A3F22BD1974DD6300F2E9F9 /* ofxUILabelToggle.h */,
				9A3F22BE1974DD6300F2E9F9 /* ofxUIMinimalSlider.cpp */,
				9A3F22BF1974DD6300F2E9F9 /* ofxUIMinimalSlider.h */,
				9A3F22C01974DD6300F2E9F9 /* ofxUIMovingGraph.cpp */,
				9A3F22C11974DD6300F2E9F9 /* ofxUIMovingGraph.h */,
				9A3F22C21974DD6300F2E9F9 /* ofxUIMultiImageButton.cpp */,
				9A3F22C31974DD6300F2E9F9 /* ofxUIMultiImageButton.h */,
				9A3F22C41974DD6300F2E9F9 /* ofxUIMultiImageToggle.cpp */,
				9A3F22C51974DD6300F2E9F9 /* ofxUIMultiImageToggle.h */,
				9A3F22C61974DD6300F2E9F9 /* ofxUINumberDialer.cpp */,
				9A3F22C71974DD6300F2E9F9 /* ofxUINumberDialer.h */,
				9A3F22C81974DD6300F2E9F9 /* ofxUIOFWrapper.h */,
				9A3F22C91974DD6300F2E9F9 /* ofxUIRadio.cpp */,
				9A3F22CA1974DD6300F2E9F9 /* ofxUIRadio.h */,
				9A3F22CB1974DD6300F2E9F9 /* ofxUIRangeSlider.cpp */,
				9A3F22CC1974DD6300F2E9F9 /* ofxUIRangeSlider.h */,
				9A3F22CD1974DD6300F2E9F9 /* ofxUIRectangle.cpp */,
				9A3F22CE1974DD6300F2E9F9 /* ofxUIRectangle.h */,
				9A3F22CF1974DD6300F2E9F9 /* ofxUIRotarySlider.cpp */,
				9A3F22D01974DD6300F2E9F9 /* ofxUIRotarySlider.h */,
				9A3F22D11974DD6300F2E9F9 /* ofxUIScrollableCanvas.cpp */,
				9A3F22D21974DD6300F2E9F9 /* ofxUIScrollableCanvas.h */,
				9A3F22D31974DD6300F2E9F9 /* ofxUISlider.cpp */,
				9A3F22D41974DD6300F2E9F9 /* ofxUISlider.h */,
				9A3F22D51974DD6300F2E9F9 /* ofxUISortableList.cpp */,
				9A3F22D61974DD6300F2E9F9 /* ofxUISortableList.h */,
				9A3F22D71974DD6300F2E9F9 /* ofxUISpacer.cpp */,
				9A3F22D81974DD6300F2E9F9 /* ofxUISpacer.h */,
				9A3F22D91974DD6300F2E9F9 /* ofxUISpectrum.cpp */,
				9A3F22DA1974DD6300F2E9F9 /* ofxUISpectrum.h */,
				9A3F22DB1974DD6300F2E9F9 /* ofxUISuperCanvas.cpp */,
				9A3F22DC1974DD6300F2E9F9 /* ofxUISuperCanvas.h */,
				9A3F22DD1974DD6300F2E9F9 /* ofxUITabBar.cpp */,
				9A3F22DE1974DD6300F2E9F9 /* ofxUITabBar.h */,
				9A3F22DF1974DD6300F2E9F9 /* ofxUITextArea.cpp */,
				9A3F22E01974DD6300F2E9F9 /* ofxUITextArea.h */,
				9A3F22E11974DD6300F2E9F9 /* ofxUITextInput.cpp */,
				9A3F22E21974DD6300F2E9F9 /* ofxUITextInput.h */,
				9A3F22E31974DD6300F2E9F9 /* ofxUIToggle.cpp */,
				9A3F22E41974DD6300F2E9F9 /* ofxUIToggle.h */,
				9A3F22E51974DD6300F2E9F9 /* ofxUIToggleMatrix.cpp */,
				9A3F22E61974DD6300F2E9F9 /* ofxUIToggleMatrix.h */,
				9A3F22E71974DD6300F2E9F9 /* ofxUIUtils.h */,
				9A3F22E81974DD6300F2E9F9 /* ofxUIValuePlotter.cpp */,
				9A3F22E91974DD6300F2E9F9 /* ofxUIValuePlotter.h */,
				9A3F22EA1974DD6300F2E9F9 /* ofxUIWaveform.cpp */,
				9A3F22EB1974DD6300F2E9F9 /* ofxUIWaveform.h */,
				9A3F22EC1974DD6300F2E9F9 /* ofxUIWidget.cpp */,
				9A3F22ED1974DD6300F2E9F9 /* ofxUIWidget.h */,
				9A3F22EE1974DD6300F2E9F9 /* ofxUIWidgets.h */,
				9A3F22EF1974DD6300F2E9F9 /* ofxUIWidgetWithLabel.cpp */,
				9A3F22F01974DD6300F2E9F9 /* ofxUIWidgetWithLabel.h */,
				9A3F22F11974DD6300F2E9F9 /* ofxUIWrapper.h */,
			);
			name = src;
			path = ../../../addons/ofxUI/src;
			sourceTree = "<group>";
		};
		9A3F231E1974DDC100F2E9F9 /* ofxXmlSettings */ = {
			isa = PBXGroup;
			children = (
				9A3F231F1974DDC100F2E9F9 /* src */,
				9A3F23221974DDC100F2E9F9 /* libs */,
			);
			name = ofxXmlSettings;
			sourceTree = "<group>";
		};
		9A3F231F1974DDC100F2E9F9 /* src */ = {
			isa = PBXGroup;
			children = (
				9A3F23201974DDC100F2E9F9 /* ofxXmlSettings.cpp */,
				9A3F23211974DDC100F2E9F9 /* ofxXmlSettings.h */,
			);
			name = src;
			path = ../../../addons/ofxXmlSettings/src;
			sourceTree = "<group>";
		};
		9A3F23221974DDC100F2E9F9 /* libs */ = {
			isa = PBXGroup;
			children = (
				9A3F23231974DDC100F2E9F9 /* tinyxml.cpp */,
				9A3F23241974DDC100F2E9F9 /* tinyxml.h */,
				9A3F23251974DDC100F2E9F9 /* tinyxmlerror.cpp */,
				9A3F23261974DDC100F2E9F9 /* tinyxmlparser.cpp */,
			);
			name = libs;
			path = ../../../addons/ofxXmlSettings/libs;
			sourceTree = "<group>";
		};
		9A93125719766CC9000BE009 /* core */ = {
			isa = PBXGroup;
			children = (
				9A93126D19766CC9000BE009 /* ramConstants.h */,
				9A93125819766CC9000BE009 /* actorManager */,
				9A93126E19766CC9000BE009 /* sceneManager */,
			);
			path = core;
			sourceTree = "<group>";
		};
		9A93125819766CC9000BE009 /* actorManager */ = {
			isa = PBXGroup;
			children = (
				9A93125919766CC9000BE009 /* entity */,
				9A93126119766CC9000BE009 /* node */,
				9A93126819766CC9000BE009 /* ramActorManager.cpp */,
				9A93126919766CC9000BE009 /* ramActorManager.h */,
				9A93126A19766CC9000BE009 /* utility */,
			);
			path = actorManager;
			sourceTree = "<group>";
		};
		9A93125919766CC9000BE009 /* entity */ = {
			isa = PBXGroup;
			children = (
				9A93125A19766CC9000BE009 /* ramActor.cpp */,
				9A93125B19766CC9000BE009 /* ramActor.h */,
				9A93125C19766CC9000BE009 /* ramNodeArray.cpp */,
				9A93125D19766CC9000BE009 /* ramNodeArray.h */,
				9A93125E19766CC9000BE009 /* ramNodeIdentifier.h */,
				9A93125F19766CC9000BE009 /* ramRigidBody.cpp */,
				9A93126019766CC9000BE009 /* ramRigidBody.h */,
			);
			path = entity;
			sourceTree = "<group>";
		};
		9A93126119766CC9000BE009 /* node */ = {
			isa = PBXGroup;
			children = (
				9A93126219766CC9000BE009 /* ramAccelerometer.cpp */,
				9A93126319766CC9000BE009 /* ramAccelerometer.h */,
				9A93126419766CC9000BE009 /* ramInteractivePrimitive.cpp */,
				9A93126519766CC9000BE009 /* ramInteractivePrimitive.h */,
				9A93126619766CC9000BE009 /* ramNode.cpp */,
				9A93126719766CC9000BE009 /* ramNode.h */,
			);
			path = node;
			sourceTree = "<group>";
		};
		9A93126A19766CC9000BE009 /* utility */ = {
			isa = PBXGroup;
			children = (
				9A93126B19766CC9000BE009 /* ramCompoundContainer.cpp */,
				9A93126C19766CC9000BE009 /* ramCompoundContainer.h */,
			);
			path = utility;
			sourceTree = "<group>";
		};
		9A93126E19766CC9000BE009 /* sceneManager */ = {
			isa = PBXGroup;
			children = (
				9A93126F19766CC9000BE009 /* ramBaseScene.cpp */,
				9A93127019766CC9000BE009 /* ramBaseScene.h */,
				9A93127119766CC9000BE009 /* ramSceneManager.cpp */,
				9A93127219766CC9000BE009 /* ramSceneManager.h */,
			);
			path = sceneManager;
			sourceTree = "<group>";
		};
		9A93127319766CC9000BE009 /* filters */ = {
			isa = PBXGroup;
			children = (
				9A93127419766CC9000BE009 /* ramBaseFilter.cpp */,
				9A93127519766CC9000BE009 /* ramBaseFilter.h */,
			);
			path = filters;
			sourceTree = "<group>";
		};
		9A93127619766CC9000BE009 /* gui */ = {
			isa = PBXGroup;
			children = (
				9A93127719766CC9000BE009 /* ramGUI.cpp */,
				9A93127819766CC9000BE009 /* ramGUI.h */,
				9A93127919766CC9000BE009 /* ramUnit.cpp */,
			);
			path = gui;
			sourceTree = "<group>";
		};
		9A93127A19766CC9000BE009 /* utils */ = {
			isa = PBXGroup;
			children = (
				9A93127B19766CC9000BE009 /* ramGlobalShortcuts.h */,
				9A93127C19766CC9000BE009 /* ramUnit.h */,
			);
			path = utils;
			sourceTree = "<group>";
		};
		9AF6DBBB19752A420072A9EF /* ram */ = {
			isa = PBXGroup;
			children = (
				9AF6DBCE19752A420072A9EF /* ramMain.h */,
				9A93125719766CC9000BE009 /* core */,
				9A93127319766CC9000BE009 /* filters */,
				9A93127619766CC9000BE009 /* gui */,
				9A93127A19766CC9000BE009 /* utils */,
			);
			path = ram;
			sourceTree = "<group>";
		};
		BB4B014C10F69532006C3DED /* addons */ = {
			isa = PBXGroup;
			children = (
				9A185B21197557B700E2629F /* ofxOsc */,
				9A3F231E1974DDC100F2E9F9 /* ofxXmlSettings */,
				9A3F22921974DD6300F2E9F9 /* ofxUI */,
			);
			name = addons;
			sourceTree = "<group>";
		};
		BBAB23C913894ECA00AA2426 /* system frameworks */ = {
			isa = PBXGroup;
			children = (
				E7F985F515E0DE99003869B5 /* Accelerate.framework */,
				E4C2424410CC5A17004149E2 /* AppKit.framework */,
				E4C2424510CC5A17004149E2 /* Cocoa.framework */,
				E4C2424610CC5A17004149E2 /* IOKit.framework */,
				E45BE9710E8CC7DD009D7055 /* AGL.framework */,
				E45BE9720E8CC7DD009D7055 /* ApplicationServices.framework */,
				E45BE9730E8CC7DD009D7055 /* AudioToolbox.framework */,
				E45BE9750E8CC7DD009D7055 /* CoreAudio.framework */,
				E45BE9760E8CC7DD009D7055 /* CoreFoundation.framework */,
				E45BE9770E8CC7DD009D7055 /* CoreServices.framework */,
				E45BE9790E8CC7DD009D7055 /* OpenGL.framework */,
				E45BE97A0E8CC7DD009D7055 /* QuickTime.framework */,
				E7E077E415D3B63C0020DFD4 /* CoreVideo.framework */,
				E7E077E715D3B6510020DFD4 /* QTKit.framework */,
			);
			name = "system frameworks";
			sourceTree = "<group>";
		};
		BBAB23CA13894EDB00AA2426 /* 3rd party frameworks */ = {
			isa = PBXGroup;
			children = (
				BBAB23BE13894E4700AA2426 /* GLUT.framework */,
			);
			name = "3rd party frameworks";
			sourceTree = "<group>";
		};
		E4328144138ABC890047C5CB /* Products */ = {
			isa = PBXGroup;
			children = (
				E4328148138ABC890047C5CB /* openFrameworksDebug.a */,
			);
			name = Products;
			sourceTree = "<group>";
		};
		E45BE5980E8CC70C009D7055 /* frameworks */ = {
			isa = PBXGroup;
			children = (
				BBAB23CA13894EDB00AA2426 /* 3rd party frameworks */,
				BBAB23C913894ECA00AA2426 /* system frameworks */,
			);
			name = frameworks;
			sourceTree = "<group>";
		};
		E4B69B4A0A3A1720003C02F2 = {
			isa = PBXGroup;
			children = (
				E4B6FCAD0C3E899E008CF71C /* openFrameworks-Info.plist */,
				E4EB6923138AFD0F00A09F29 /* Project.xcconfig */,
				E4B69E1C0A3A1BDC003C02F2 /* src */,
				E4EEC9E9138DF44700A80321 /* openFrameworks */,
				BB4B014C10F69532006C3DED /* addons */,
				E45BE5980E8CC70C009D7055 /* frameworks */,
				E4B69B5B0A3A1756003C02F2 /* firstAppDebug.app */,
			);
			sourceTree = "<group>";
		};
		E4B69E1C0A3A1BDC003C02F2 /* src */ = {
			isa = PBXGroup;
			children = (
				E4B69E1E0A3A1BDC003C02F2 /* ofApp.cpp */,
				9AF6DBBB19752A420072A9EF /* ram */,
			);
			path = src;
			sourceTree = SOURCE_ROOT;
		};
		E4EEC9E9138DF44700A80321 /* openFrameworks */ = {
			isa = PBXGroup;
			children = (
				E4EB691F138AFCF100A09F29 /* CoreOF.xcconfig */,
				E4328143138ABC890047C5CB /* openFrameworksLib.xcodeproj */,
			);
			name = openFrameworks;
			sourceTree = "<group>";
		};
/* End PBXGroup section */

/* Begin PBXNativeTarget section */
		E4B69B5A0A3A1756003C02F2 /* firstApp */ = {
			isa = PBXNativeTarget;
			buildConfigurationList = E4B69B5F0A3A1757003C02F2 /* Build configuration list for PBXNativeTarget "firstApp" */;
			buildPhases = (
				E4B69B580A3A1756003C02F2 /* Sources */,
				E4B69B590A3A1756003C02F2 /* Frameworks */,
				E4B6FFFD0C3F9AB9008CF71C /* ShellScript */,
				E4C2427710CC5ABF004149E2 /* CopyFiles */,
			);
			buildRules = (
			);
			dependencies = (
				E4EEB9AC138B136A00A80321 /* PBXTargetDependency */,
			);
			name = firstApp;
			productName = myOFApp;
			productReference = E4B69B5B0A3A1756003C02F2 /* firstAppDebug.app */;
			productType = "com.apple.product-type.application";
		};
/* End PBXNativeTarget section */

/* Begin PBXProject section */
		E4B69B4C0A3A1720003C02F2 /* Project object */ = {
			isa = PBXProject;
			attributes = {
				LastUpgradeCheck = 0460;
			};
			buildConfigurationList = E4B69B4D0A3A1720003C02F2 /* Build configuration list for PBXProject "firstApp" */;
			compatibilityVersion = "Xcode 3.2";
			developmentRegion = English;
			hasScannedForEncodings = 0;
			knownRegions = (
				English,
				Japanese,
				French,
				German,
			);
			mainGroup = E4B69B4A0A3A1720003C02F2;
			productRefGroup = E4B69B4A0A3A1720003C02F2;
			projectDirPath = "";
			projectReferences = (
				{
					ProductGroup = E4328144138ABC890047C5CB /* Products */;
					ProjectRef = E4328143138ABC890047C5CB /* openFrameworksLib.xcodeproj */;
				},
			);
			projectRoot = "";
			targets = (
				E4B69B5A0A3A1756003C02F2 /* firstApp */,
			);
		};
/* End PBXProject section */

/* Begin PBXReferenceProxy section */
		E4328148138ABC890047C5CB /* openFrameworksDebug.a */ = {
			isa = PBXReferenceProxy;
			fileType = archive.ar;
			path = openFrameworksDebug.a;
			remoteRef = E4328147138ABC890047C5CB /* PBXContainerItemProxy */;
			sourceTree = BUILT_PRODUCTS_DIR;
		};
/* End PBXReferenceProxy section */

/* Begin PBXShellScriptBuildPhase section */
		E4B6FFFD0C3F9AB9008CF71C /* ShellScript */ = {
			isa = PBXShellScriptBuildPhase;
			buildActionMask = 2147483647;
			files = (
			);
			inputPaths = (
			);
			outputPaths = (
			);
			runOnlyForDeploymentPostprocessing = 0;
			shellPath = /bin/sh;
			shellScript = "cp -f ../../../libs/fmodex/lib/osx/libfmodex.dylib \"$TARGET_BUILD_DIR/$PRODUCT_NAME.app/Contents/MacOS/libfmodex.dylib\"; install_name_tool -change ./libfmodex.dylib @executable_path/libfmodex.dylib \"$TARGET_BUILD_DIR/$PRODUCT_NAME.app/Contents/MacOS/$PRODUCT_NAME\";\nmkdir -p \"$TARGET_BUILD_DIR/$PRODUCT_NAME.app/Contents/Resources/\"\ncp -f \"$ICON_FILE\" \"$TARGET_BUILD_DIR/$PRODUCT_NAME.app/Contents/Resources/\"\n";
		};
/* End PBXShellScriptBuildPhase section */

/* Begin PBXSourcesBuildPhase section */
		E4B69B580A3A1756003C02F2 /* Sources */ = {
			isa = PBXSourcesBuildPhase;
			buildActionMask = 2147483647;
			files = (
				9A93128519766CC9000BE009 /* ramBaseScene.cpp in Sources */,
				9A93128819766CC9000BE009 /* ramGUI.cpp in Sources */,
				9A3F22F21974DD6300F2E9F9 /* ofxUI2DGraph.cpp in Sources */,
				9A3F23281974DDC100F2E9F9 /* tinyxml.cpp in Sources */,
				9A93128719766CC9000BE009 /* ramBaseFilter.cpp in Sources */,
				9A3F23061974DD6300F2E9F9 /* ofxUIMinimalSlider.cpp in Sources */,
				9A185B55197557B700E2629F /* OscPrintReceivedElements.cpp in Sources */,
				9A93128419766CC9000BE009 /* ramCompoundContainer.cpp in Sources */,
				9A3F23071974DD6300F2E9F9 /* ofxUIMovingGraph.cpp in Sources */,
				9A3F23091974DD6300F2E9F9 /* ofxUIMultiImageToggle.cpp in Sources */,
				9A185B4D197557B700E2629F /* ofxOscMessage.cpp in Sources */,
				9A3F230A1974DD6300F2E9F9 /* ofxUINumberDialer.cpp in Sources */,
				9A185B57197557B700E2629F /* OscTypes.cpp in Sources */,
				9A3F22FA1974DD6300F2E9F9 /* ofxUIDropDownList.cpp in Sources */,
				9A3F23031974DD6300F2E9F9 /* ofxUILabel.cpp in Sources */,
				9A3F22F31974DD6300F2E9F9 /* ofxUI2DPad.cpp in Sources */,
				9A93127D19766CC9000BE009 /* ramActor.cpp in Sources */,
				9A3F23121974DD6300F2E9F9 /* ofxUISpacer.cpp in Sources */,
				9A3F22F51974DD6300F2E9F9 /* ofxUIBiLabelSlider.cpp in Sources */,
				9A3F23001974DD6300F2E9F9 /* ofxUIImageSampler.cpp in Sources */,
				9A185B53197557B700E2629F /* UdpSocket.cpp in Sources */,
				9A3F23291974DDC100F2E9F9 /* tinyxmlerror.cpp in Sources */,
				9A3F23171974DD6300F2E9F9 /* ofxUITextInput.cpp in Sources */,
				9A3F23191974DD6300F2E9F9 /* ofxUIToggleMatrix.cpp in Sources */,
				9A93127E19766CC9000BE009 /* ramNodeArray.cpp in Sources */,
				9A3F22FD1974DD6300F2E9F9 /* ofxUIFPSSlider.cpp in Sources */,
				9A3F22F41974DD6300F2E9F9 /* ofxUIBaseDraws.cpp in Sources */,
				9A3F22FB1974DD6300F2E9F9 /* ofxUIEventArgs.cpp in Sources */,
				9A93128319766CC9000BE009 /* ramActorManager.cpp in Sources */,
				9A3F231D1974DD6300F2E9F9 /* ofxUIWidgetWithLabel.cpp in Sources */,
				9A3F230B1974DD6300F2E9F9 /* ofxUIRadio.cpp in Sources */,
				9A3F22F61974DD6300F2E9F9 /* ofxUIButton.cpp in Sources */,
				9A3F231C1974DD6300F2E9F9 /* ofxUIWidget.cpp in Sources */,
				9A185B52197557B700E2629F /* NetworkingUtils.cpp in Sources */,
				9A3F23161974DD6300F2E9F9 /* ofxUITextArea.cpp in Sources */,
				9A185B4C197557B700E2629F /* ofxOscBundle.cpp in Sources */,
				9A93128919766CC9000BE009 /* ramUnit.cpp in Sources */,
				9A3F23271974DDC100F2E9F9 /* ofxXmlSettings.cpp in Sources */,
				9A93128619766CC9000BE009 /* ramSceneManager.cpp in Sources */,
				9A185B4E197557B700E2629F /* ofxOscParameterSync.cpp in Sources */,
				9A3F23181974DD6300F2E9F9 /* ofxUIToggle.cpp in Sources */,
				9A93128019766CC9000BE009 /* ramAccelerometer.cpp in Sources */,
				9A3F231A1974DD6300F2E9F9 /* ofxUIValuePlotter.cpp in Sources */,
				9A185B54197557B700E2629F /* OscOutboundPacketStream.cpp in Sources */,
				9A3F230C1974DD6300F2E9F9 /* ofxUIRangeSlider.cpp in Sources */,
				9A3F232A1974DDC100F2E9F9 /* tinyxmlparser.cpp in Sources */,
				9A3F23011974DD6300F2E9F9 /* ofxUIImageSlider.cpp in Sources */,
				9A93128219766CC9000BE009 /* ramNode.cpp in Sources */,
				9A3F22FC1974DD6300F2E9F9 /* ofxUIFPS.cpp in Sources */,
				9A3F23141974DD6300F2E9F9 /* ofxUISuperCanvas.cpp in Sources */,
				9A3F23131974DD6300F2E9F9 /* ofxUISpectrum.cpp in Sources */,
				9A185B51197557B700E2629F /* IpEndpointName.cpp in Sources */,
				9A3F23081974DD6300F2E9F9 /* ofxUIMultiImageButton.cpp in Sources */,
				9A3F230F1974DD6300F2E9F9 /* ofxUIScrollableCanvas.cpp in Sources */,
				9A3F22FE1974DD6300F2E9F9 /* ofxUIImage.cpp in Sources */,
				E4B69E210A3A1BDC003C02F2 /* ofApp.cpp in Sources */,
				9A185B4F197557B700E2629F /* ofxOscReceiver.cpp in Sources */,
				9A3F23111974DD6300F2E9F9 /* ofxUISortableList.cpp in Sources */,
				9A3F231B1974DD6300F2E9F9 /* ofxUIWaveform.cpp in Sources */,
				9A3F23151974DD6300F2E9F9 /* ofxUITabBar.cpp in Sources */,
				9A3F22F81974DD6300F2E9F9 /* ofxUICircleSlider.cpp in Sources */,
				9A3F23041974DD6300F2E9F9 /* ofxUILabelButton.cpp in Sources */,
				9A3F23101974DD6300F2E9F9 /* ofxUISlider.cpp in Sources */,
				9A185B50197557B700E2629F /* ofxOscSender.cpp in Sources */,
				9A3F23021974DD6300F2E9F9 /* ofxUIImageToggle.cpp in Sources */,
				9A3F230D1974DD6300F2E9F9 /* ofxUIRectangle.cpp in Sources */,
				9A3F22F91974DD6300F2E9F9 /* ofxUIDragableLabelButton.cpp in Sources */,
				9A3F22F71974DD6300F2E9F9 /* ofxUICanvas.cpp in Sources */,
				9A3F230E1974DD6300F2E9F9 /* ofxUIRotarySlider.cpp in Sources */,
				9A93128119766CC9000BE009 /* ramInteractivePrimitive.cpp in Sources */,
				9A185B56197557B700E2629F /* OscReceivedElements.cpp in Sources */,
				9A3F23051974DD6300F2E9F9 /* ofxUILabelToggle.cpp in Sources */,
				9A93127F19766CC9000BE009 /* ramRigidBody.cpp in Sources */,
				9A3F22FF1974DD6300F2E9F9 /* ofxUIImageButton.cpp in Sources */,
			);
			runOnlyForDeploymentPostprocessing = 0;
		};
/* End PBXSourcesBuildPhase section */

/* Begin PBXTargetDependency section */
		E4EEB9AC138B136A00A80321 /* PBXTargetDependency */ = {
			isa = PBXTargetDependency;
			name = openFrameworks;
			targetProxy = E4EEB9AB138B136A00A80321 /* PBXContainerItemProxy */;
		};
/* End PBXTargetDependency section */

/* Begin XCBuildConfiguration section */
		E4B69B4E0A3A1720003C02F2 /* Debug */ = {
			isa = XCBuildConfiguration;
			baseConfigurationReference = E4EB6923138AFD0F00A09F29 /* Project.xcconfig */;
			buildSettings = {
				ARCHS = "$(NATIVE_ARCH)";
				CONFIGURATION_BUILD_DIR = "$(SRCROOT)/bin/";
				COPY_PHASE_STRIP = NO;
				DEAD_CODE_STRIPPING = YES;
				GCC_AUTO_VECTORIZATION = YES;
				GCC_ENABLE_SSE3_EXTENSIONS = YES;
				GCC_ENABLE_SUPPLEMENTAL_SSE3_INSTRUCTIONS = YES;
				GCC_INLINES_ARE_PRIVATE_EXTERN = NO;
				GCC_OPTIMIZATION_LEVEL = 0;
				GCC_SYMBOLS_PRIVATE_EXTERN = NO;
				GCC_WARN_ABOUT_DEPRECATED_FUNCTIONS = YES;
				GCC_WARN_ABOUT_INVALID_OFFSETOF_MACRO = NO;
				GCC_WARN_ALLOW_INCOMPLETE_PROTOCOL = NO;
				GCC_WARN_UNINITIALIZED_AUTOS = NO;
				GCC_WARN_UNUSED_VALUE = NO;
				GCC_WARN_UNUSED_VARIABLE = NO;
				HEADER_SEARCH_PATHS = (
					"$(OF_CORE_HEADERS)",
					src,
				);
				MACOSX_DEPLOYMENT_TARGET = 10.6;
				OTHER_CPLUSPLUSFLAGS = (
					"-D__MACOSX_CORE__",
					"-lpthread",
					"-mtune=native",
				);
				SDKROOT = macosx;
			};
			name = Debug;
		};
		E4B69B4F0A3A1720003C02F2 /* Release */ = {
			isa = XCBuildConfiguration;
			baseConfigurationReference = E4EB6923138AFD0F00A09F29 /* Project.xcconfig */;
			buildSettings = {
				ARCHS = "$(NATIVE_ARCH)";
				CONFIGURATION_BUILD_DIR = "$(SRCROOT)/bin/";
				COPY_PHASE_STRIP = YES;
				DEAD_CODE_STRIPPING = YES;
				GCC_AUTO_VECTORIZATION = YES;
				GCC_ENABLE_SSE3_EXTENSIONS = YES;
				GCC_ENABLE_SUPPLEMENTAL_SSE3_INSTRUCTIONS = YES;
				GCC_INLINES_ARE_PRIVATE_EXTERN = NO;
				GCC_OPTIMIZATION_LEVEL = 3;
				GCC_SYMBOLS_PRIVATE_EXTERN = NO;
				GCC_UNROLL_LOOPS = YES;
				GCC_WARN_ABOUT_DEPRECATED_FUNCTIONS = YES;
				GCC_WARN_ABOUT_INVALID_OFFSETOF_MACRO = NO;
				GCC_WARN_ALLOW_INCOMPLETE_PROTOCOL = NO;
				GCC_WARN_UNINITIALIZED_AUTOS = NO;
				GCC_WARN_UNUSED_VALUE = NO;
				GCC_WARN_UNUSED_VARIABLE = NO;
				HEADER_SEARCH_PATHS = (
					"$(OF_CORE_HEADERS)",
					src,
				);
				MACOSX_DEPLOYMENT_TARGET = 10.6;
				OTHER_CPLUSPLUSFLAGS = (
					"-D__MACOSX_CORE__",
					"-lpthread",
					"-mtune=native",
				);
				SDKROOT = macosx;
			};
			name = Release;
		};
		E4B69B600A3A1757003C02F2 /* Debug */ = {
			isa = XCBuildConfiguration;
			buildSettings = {
				COMBINE_HIDPI_IMAGES = YES;
				COPY_PHASE_STRIP = NO;
				FRAMEWORK_SEARCH_PATHS = (
					"$(inherited)",
					"$(FRAMEWORK_SEARCH_PATHS_QUOTED_FOR_TARGET_1)",
				);
				FRAMEWORK_SEARCH_PATHS_QUOTED_FOR_TARGET_1 = "\"$(SRCROOT)/../../../libs/glut/lib/osx\"";
				GCC_DYNAMIC_NO_PIC = NO;
				GCC_GENERATE_DEBUGGING_SYMBOLS = YES;
				GCC_MODEL_TUNING = NONE;
				ICON = "$(ICON_NAME_DEBUG)";
				ICON_FILE = "$(ICON_FILE_PATH)$(ICON)";
				INFOPLIST_FILE = "openFrameworks-Info.plist";
				INSTALL_PATH = "$(HOME)/Applications";
				LIBRARY_SEARCH_PATHS = (
					"$(inherited)",
					"$(LIBRARY_SEARCH_PATHS_QUOTED_FOR_TARGET_1)",
					"$(LIBRARY_SEARCH_PATHS_QUOTED_FOR_TARGET_2)",
					"$(LIBRARY_SEARCH_PATHS_QUOTED_FOR_TARGET_3)",
					"$(LIBRARY_SEARCH_PATHS_QUOTED_FOR_TARGET_4)",
					"$(LIBRARY_SEARCH_PATHS_QUOTED_FOR_TARGET_5)",
					"$(LIBRARY_SEARCH_PATHS_QUOTED_FOR_TARGET_6)",
					"$(LIBRARY_SEARCH_PATHS_QUOTED_FOR_TARGET_7)",
					"$(LIBRARY_SEARCH_PATHS_QUOTED_FOR_TARGET_8)",
					"$(LIBRARY_SEARCH_PATHS_QUOTED_FOR_TARGET_9)",
					"$(LIBRARY_SEARCH_PATHS_QUOTED_FOR_TARGET_10)",
					"$(LIBRARY_SEARCH_PATHS_QUOTED_FOR_TARGET_11)",
					"$(LIBRARY_SEARCH_PATHS_QUOTED_FOR_TARGET_12)",
					"$(LIBRARY_SEARCH_PATHS_QUOTED_FOR_TARGET_13)",
					"$(LIBRARY_SEARCH_PATHS_QUOTED_FOR_TARGET_14)",
					"$(LIBRARY_SEARCH_PATHS_QUOTED_FOR_TARGET_15)",
					"$(LIBRARY_SEARCH_PATHS_QUOTED_FOR_TARGET_2)",
					"$(LIBRARY_SEARCH_PATHS_QUOTED_FOR_TARGET_3)",
					"$(LIBRARY_SEARCH_PATHS_QUOTED_FOR_TARGET_7)",
					"$(LIBRARY_SEARCH_PATHS_QUOTED_FOR_TARGET_8)",
					"$(LIBRARY_SEARCH_PATHS_QUOTED_FOR_TARGET_9)",
					"$(LIBRARY_SEARCH_PATHS_QUOTED_FOR_TARGET_10)",
					"$(LIBRARY_SEARCH_PATHS_QUOTED_FOR_TARGET_11)",
					"$(LIBRARY_SEARCH_PATHS_QUOTED_FOR_TARGET_12)",
					"$(LIBRARY_SEARCH_PATHS_QUOTED_FOR_TARGET_13)",
					"$(LIBRARY_SEARCH_PATHS_QUOTED_FOR_TARGET_16)",
					"$(LIBRARY_SEARCH_PATHS_QUOTED_FOR_TARGET_17)",
					"$(LIBRARY_SEARCH_PATHS_QUOTED_FOR_TARGET_18)",
					"$(LIBRARY_SEARCH_PATHS_QUOTED_FOR_TARGET_19)",
					"$(LIBRARY_SEARCH_PATHS_QUOTED_FOR_TARGET_20)",
					"$(LIBRARY_SEARCH_PATHS_QUOTED_FOR_TARGET_21)",
					"$(LIBRARY_SEARCH_PATHS_QUOTED_FOR_TARGET_22)",
					"$(LIBRARY_SEARCH_PATHS_QUOTED_FOR_TARGET_23)",
					"$(LIBRARY_SEARCH_PATHS_QUOTED_FOR_TARGET_24)",
					"$(LIBRARY_SEARCH_PATHS_QUOTED_FOR_TARGET_25)",
					"$(LIBRARY_SEARCH_PATHS_QUOTED_FOR_TARGET_26)",
					"$(LIBRARY_SEARCH_PATHS_QUOTED_FOR_TARGET_27)",
					"$(LIBRARY_SEARCH_PATHS_QUOTED_FOR_TARGET_28)",
					"$(LIBRARY_SEARCH_PATHS_QUOTED_FOR_TARGET_29)",
					"$(LIBRARY_SEARCH_PATHS_QUOTED_FOR_TARGET_30)",
					"$(LIBRARY_SEARCH_PATHS_QUOTED_FOR_TARGET_31)",
					"$(LIBRARY_SEARCH_PATHS_QUOTED_FOR_TARGET_32)",
					"$(LIBRARY_SEARCH_PATHS_QUOTED_FOR_TARGET_33)",
					"$(LIBRARY_SEARCH_PATHS_QUOTED_FOR_TARGET_34)",
					"$(LIBRARY_SEARCH_PATHS_QUOTED_FOR_TARGET_35)",
					"$(LIBRARY_SEARCH_PATHS_QUOTED_FOR_TARGET_36)",
					"$(LIBRARY_SEARCH_PATHS_QUOTED_FOR_TARGET_37)",
					"$(LIBRARY_SEARCH_PATHS_QUOTED_FOR_TARGET_38)",
					"$(LIBRARY_SEARCH_PATHS_QUOTED_FOR_TARGET_39)",
					"$(LIBRARY_SEARCH_PATHS_QUOTED_FOR_TARGET_40)",
					"$(LIBRARY_SEARCH_PATHS_QUOTED_FOR_TARGET_41)",
					"$(LIBRARY_SEARCH_PATHS_QUOTED_FOR_TARGET_42)",
					"$(LIBRARY_SEARCH_PATHS_QUOTED_FOR_TARGET_43)",
					"$(LIBRARY_SEARCH_PATHS_QUOTED_FOR_TARGET_44)",
					"$(LIBRARY_SEARCH_PATHS_QUOTED_FOR_TARGET_45)",
					"$(LIBRARY_SEARCH_PATHS_QUOTED_FOR_TARGET_46)",
					"$(LIBRARY_SEARCH_PATHS_QUOTED_FOR_TARGET_47)",
					"$(LIBRARY_SEARCH_PATHS_QUOTED_FOR_TARGET_48)",
					"$(LIBRARY_SEARCH_PATHS_QUOTED_FOR_TARGET_49)",
					"$(LIBRARY_SEARCH_PATHS_QUOTED_FOR_TARGET_50)",
					"$(LIBRARY_SEARCH_PATHS_QUOTED_FOR_TARGET_51)",
					"$(LIBRARY_SEARCH_PATHS_QUOTED_FOR_TARGET_52)",
				);
				PRODUCT_NAME = firstAppDebug;
				USER_HEADER_SEARCH_PATHS = "../../../addons/ofxOsc/libs/oscpack/src/ ../../../addons/ofxOsc/libs/oscpack/src/";
				WRAPPER_EXTENSION = app;
			};
			name = Debug;
		};
		E4B69B610A3A1757003C02F2 /* Release */ = {
			isa = XCBuildConfiguration;
			buildSettings = {
				COMBINE_HIDPI_IMAGES = YES;
				COPY_PHASE_STRIP = YES;
				FRAMEWORK_SEARCH_PATHS = (
					"$(inherited)",
					"$(FRAMEWORK_SEARCH_PATHS_QUOTED_FOR_TARGET_1)",
				);
				FRAMEWORK_SEARCH_PATHS_QUOTED_FOR_TARGET_1 = "\"$(SRCROOT)/../../../libs/glut/lib/osx\"";
				GCC_GENERATE_DEBUGGING_SYMBOLS = YES;
				GCC_MODEL_TUNING = NONE;
				ICON = "$(ICON_NAME_RELEASE)";
				ICON_FILE = "$(ICON_FILE_PATH)$(ICON)";
				INFOPLIST_FILE = "openFrameworks-Info.plist";
				INSTALL_PATH = "$(HOME)/Applications";
				LIBRARY_SEARCH_PATHS = (
					"$(inherited)",
					"$(LIBRARY_SEARCH_PATHS_QUOTED_FOR_TARGET_1)",
					"$(LIBRARY_SEARCH_PATHS_QUOTED_FOR_TARGET_2)",
					"$(LIBRARY_SEARCH_PATHS_QUOTED_FOR_TARGET_3)",
					"$(LIBRARY_SEARCH_PATHS_QUOTED_FOR_TARGET_4)",
					"$(LIBRARY_SEARCH_PATHS_QUOTED_FOR_TARGET_5)",
					"$(LIBRARY_SEARCH_PATHS_QUOTED_FOR_TARGET_6)",
					"$(LIBRARY_SEARCH_PATHS_QUOTED_FOR_TARGET_7)",
					"$(LIBRARY_SEARCH_PATHS_QUOTED_FOR_TARGET_8)",
					"$(LIBRARY_SEARCH_PATHS_QUOTED_FOR_TARGET_9)",
					"$(LIBRARY_SEARCH_PATHS_QUOTED_FOR_TARGET_10)",
					"$(LIBRARY_SEARCH_PATHS_QUOTED_FOR_TARGET_11)",
					"$(LIBRARY_SEARCH_PATHS_QUOTED_FOR_TARGET_12)",
					"$(LIBRARY_SEARCH_PATHS_QUOTED_FOR_TARGET_13)",
					"$(LIBRARY_SEARCH_PATHS_QUOTED_FOR_TARGET_14)",
					"$(LIBRARY_SEARCH_PATHS_QUOTED_FOR_TARGET_15)",
					"$(LIBRARY_SEARCH_PATHS_QUOTED_FOR_TARGET_2)",
					"$(LIBRARY_SEARCH_PATHS_QUOTED_1)",
					"$(LIBRARY_SEARCH_PATHS_QUOTED_FOR_TARGET_3)",
					"$(LIBRARY_SEARCH_PATHS_QUOTED_FOR_TARGET_7)",
					"$(LIBRARY_SEARCH_PATHS_QUOTED_FOR_TARGET_8)",
					"$(LIBRARY_SEARCH_PATHS_QUOTED_FOR_TARGET_9)",
					"$(LIBRARY_SEARCH_PATHS_QUOTED_FOR_TARGET_10)",
					"$(LIBRARY_SEARCH_PATHS_QUOTED_FOR_TARGET_11)",
					"$(LIBRARY_SEARCH_PATHS_QUOTED_FOR_TARGET_12)",
					"$(LIBRARY_SEARCH_PATHS_QUOTED_FOR_TARGET_13)",
					"$(LIBRARY_SEARCH_PATHS_QUOTED_FOR_TARGET_16)",
					"$(LIBRARY_SEARCH_PATHS_QUOTED_FOR_TARGET_17)",
					"$(LIBRARY_SEARCH_PATHS_QUOTED_FOR_TARGET_18)",
					"$(LIBRARY_SEARCH_PATHS_QUOTED_FOR_TARGET_19)",
					"$(LIBRARY_SEARCH_PATHS_QUOTED_FOR_TARGET_20)",
					"$(LIBRARY_SEARCH_PATHS_QUOTED_FOR_TARGET_21)",
					"$(LIBRARY_SEARCH_PATHS_QUOTED_FOR_TARGET_22)",
					"$(LIBRARY_SEARCH_PATHS_QUOTED_FOR_TARGET_23)",
					"$(LIBRARY_SEARCH_PATHS_QUOTED_FOR_TARGET_24)",
					"$(LIBRARY_SEARCH_PATHS_QUOTED_FOR_TARGET_25)",
					"$(LIBRARY_SEARCH_PATHS_QUOTED_FOR_TARGET_26)",
					"$(LIBRARY_SEARCH_PATHS_QUOTED_FOR_TARGET_27)",
					"$(LIBRARY_SEARCH_PATHS_QUOTED_FOR_TARGET_28)",
					"$(LIBRARY_SEARCH_PATHS_QUOTED_FOR_TARGET_29)",
					"$(LIBRARY_SEARCH_PATHS_QUOTED_FOR_TARGET_30)",
					"$(LIBRARY_SEARCH_PATHS_QUOTED_FOR_TARGET_31)",
					"$(LIBRARY_SEARCH_PATHS_QUOTED_FOR_TARGET_32)",
					"$(LIBRARY_SEARCH_PATHS_QUOTED_FOR_TARGET_33)",
					"$(LIBRARY_SEARCH_PATHS_QUOTED_FOR_TARGET_34)",
					"$(LIBRARY_SEARCH_PATHS_QUOTED_FOR_TARGET_35)",
					"$(LIBRARY_SEARCH_PATHS_QUOTED_FOR_TARGET_36)",
					"$(LIBRARY_SEARCH_PATHS_QUOTED_FOR_TARGET_37)",
					"$(LIBRARY_SEARCH_PATHS_QUOTED_FOR_TARGET_38)",
					"$(LIBRARY_SEARCH_PATHS_QUOTED_FOR_TARGET_39)",
					"$(LIBRARY_SEARCH_PATHS_QUOTED_FOR_TARGET_40)",
					"$(LIBRARY_SEARCH_PATHS_QUOTED_FOR_TARGET_41)",
					"$(LIBRARY_SEARCH_PATHS_QUOTED_FOR_TARGET_42)",
					"$(LIBRARY_SEARCH_PATHS_QUOTED_FOR_TARGET_43)",
					"$(LIBRARY_SEARCH_PATHS_QUOTED_FOR_TARGET_44)",
					"$(LIBRARY_SEARCH_PATHS_QUOTED_FOR_TARGET_45)",
					"$(LIBRARY_SEARCH_PATHS_QUOTED_FOR_TARGET_46)",
					"$(LIBRARY_SEARCH_PATHS_QUOTED_FOR_TARGET_47)",
					"$(LIBRARY_SEARCH_PATHS_QUOTED_FOR_TARGET_48)",
					"$(LIBRARY_SEARCH_PATHS_QUOTED_FOR_TARGET_49)",
					"$(LIBRARY_SEARCH_PATHS_QUOTED_FOR_TARGET_50)",
					"$(LIBRARY_SEARCH_PATHS_QUOTED_FOR_TARGET_51)",
				);
				PRODUCT_NAME = firstApp;
				USER_HEADER_SEARCH_PATHS = "../../../addons/ofxOsc/libs/oscpack/src/ ../../../addons/ofxOsc/libs/oscpack/src/";
				WRAPPER_EXTENSION = app;
			};
			name = Release;
		};
/* End XCBuildConfiguration section */

/* Begin XCConfigurationList section */
		E4B69B4D0A3A1720003C02F2 /* Build configuration list for PBXProject "firstApp" */ = {
			isa = XCConfigurationList;
			buildConfigurations = (
				E4B69B4E0A3A1720003C02F2 /* Debug */,
				E4B69B4F0A3A1720003C02F2 /* Release */,
			);
			defaultConfigurationIsVisible = 0;
			defaultConfigurationName = Release;
		};
		E4B69B5F0A3A1757003C02F2 /* Build configuration list for PBXNativeTarget "firstApp" */ = {
			isa = XCConfigurationList;
			buildConfigurations = (
				E4B69B600A3A1757003C02F2 /* Debug */,
				E4B69B610A3A1757003C02F2 /* Release */,
			);
			defaultConfigurationIsVisible = 0;
			defaultConfigurationName = Release;
		};
/* End XCConfigurationList section */
	};
	rootObject = E4B69B4C0A3A1720003C02F2 /* Project object */;
}
